// !$*UTF8*$!
{
	archiveVersion = 1;
	classes = {
	};
	objectVersion = 56;
	objects = {

/* Begin PBXBuildFile section */
		4910C53A2D408812006AB7E5 /* FirebaseAnalytics in Frameworks */ = {isa = PBXBuildFile; productRef = 4910C5392D408812006AB7E5 /* FirebaseAnalytics */; };
		4910C53C2D408812006AB7E5 /* FirebaseDatabase in Frameworks */ = {isa = PBXBuildFile; productRef = 4910C53B2D408812006AB7E5 /* FirebaseDatabase */; };
		4910C53E2D408812006AB7E5 /* FirebaseFirestore in Frameworks */ = {isa = PBXBuildFile; productRef = 4910C53D2D408812006AB7E5 /* FirebaseFirestore */; };
		49288AAD2D19450C00FF1E50 /* AppDelegate.swift in Sources */ = {isa = PBXBuildFile; fileRef = 49288AAC2D19450C00FF1E50 /* AppDelegate.swift */; };
		49288AAF2D19450C00FF1E50 /* SceneDelegate.swift in Sources */ = {isa = PBXBuildFile; fileRef = 49288AAE2D19450C00FF1E50 /* SceneDelegate.swift */; };
		49288AB42D19450C00FF1E50 /* Base in Resources */ = {isa = PBXBuildFile; fileRef = 49288AB32D19450C00FF1E50 /* Base */; };
		49288AB62D19450D00FF1E50 /* Assets.xcassets in Resources */ = {isa = PBXBuildFile; fileRef = 49288AB52D19450D00FF1E50 /* Assets.xcassets */; };
		49288AB92D19450D00FF1E50 /* Base in Resources */ = {isa = PBXBuildFile; fileRef = 49288AB82D19450D00FF1E50 /* Base */; };
		4950011A2D5C809E0057ECEC /* FirebaseAuth in Frameworks */ = {isa = PBXBuildFile; productRef = 495001192D5C809E0057ECEC /* FirebaseAuth */; };
		499C3C8B2D4B63C300B96903 /* FirebaseStorage in Frameworks */ = {isa = PBXBuildFile; productRef = 499C3C8A2D4B63C300B96903 /* FirebaseStorage */; };
		A70F0E492D3CCEEA00E780FC /* Main.storyboard in Resources */ = {isa = PBXBuildFile; fileRef = 49288AB22D19450C00FF1E50 /* Main.storyboard */; };
		A76232672D5229D800A0F323 /* GoogleService-Info.plist in Resources */ = {isa = PBXBuildFile; fileRef = A76232662D5229D800A0F323 /* GoogleService-Info.plist */; };
		A77C88BF2E2528A8002D725E /* ViewController.swift in Sources */ = {isa = PBXBuildFile; fileRef = A77C88BE2E2528A8002D725E /* ViewController.swift */; };
		A77C88C22E252941002D725E /* NMapsMap in Frameworks */ = {isa = PBXBuildFile; productRef = A77C88C12E252941002D725E /* NMapsMap */; };
		A77C88C42E252F4B002D725E /* MainView.swift in Sources */ = {isa = PBXBuildFile; fileRef = A77C88C32E252F4B002D725E /* MainView.swift */; };
		A7F0A9242E2524FF00F05A24 /* FirebaseCore in Frameworks */ = {isa = PBXBuildFile; productRef = A7F0A9232E2524FF00F05A24 /* FirebaseCore */; };
/* End PBXBuildFile section */

/* Begin PBXFileReference section */
		49288AA92D19450C00FF1E50 /* SmokingAreaOdi.app */ = {isa = PBXFileReference; explicitFileType = wrapper.application; includeInIndex = 0; path = SmokingAreaOdi.app; sourceTree = BUILT_PRODUCTS_DIR; };
		49288AAC2D19450C00FF1E50 /* AppDelegate.swift */ = {isa = PBXFileReference; lastKnownFileType = sourcecode.swift; path = AppDelegate.swift; sourceTree = "<group>"; };
		49288AAE2D19450C00FF1E50 /* SceneDelegate.swift */ = {isa = PBXFileReference; lastKnownFileType = sourcecode.swift; path = SceneDelegate.swift; sourceTree = "<group>"; };
		49288AB32D19450C00FF1E50 /* Base */ = {isa = PBXFileReference; lastKnownFileType = file.storyboard; name = Base; path = Base.lproj/Main.storyboard; sourceTree = "<group>"; };
		49288AB52D19450D00FF1E50 /* Assets.xcassets */ = {isa = PBXFileReference; lastKnownFileType = folder.assetcatalog; path = Assets.xcassets; sourceTree = "<group>"; };
		49288AB82D19450D00FF1E50 /* Base */ = {isa = PBXFileReference; lastKnownFileType = file.storyboard; name = Base; path = Base.lproj/LaunchScreen.storyboard; sourceTree = "<group>"; };
		49288ABA2D19450D00FF1E50 /* Info.plist */ = {isa = PBXFileReference; lastKnownFileType = text.plist.xml; path = Info.plist; sourceTree = "<group>"; };
		71E8D5BE6D6F3B97EE6F1699 /* Pods_SmokingAreaOdi.framework */ = {isa = PBXFileReference; explicitFileType = wrapper.framework; includeInIndex = 0; path = Pods_SmokingAreaOdi.framework; sourceTree = BUILT_PRODUCTS_DIR; };
		A76232662D5229D800A0F323 /* GoogleService-Info.plist */ = {isa = PBXFileReference; fileEncoding = 4; lastKnownFileType = text.plist.xml; path = "GoogleService-Info.plist"; sourceTree = "<group>"; };
		A77C88BE2E2528A8002D725E /* ViewController.swift */ = {isa = PBXFileReference; lastKnownFileType = sourcecode.swift; path = ViewController.swift; sourceTree = "<group>"; };
		A77C88C32E252F4B002D725E /* MainView.swift */ = {isa = PBXFileReference; lastKnownFileType = sourcecode.swift; path = MainView.swift; sourceTree = "<group>"; };
/* End PBXFileReference section */

/* Begin PBXFrameworksBuildPhase section */
		49288AA62D19450C00FF1E50 /* Frameworks */ = {
			isa = PBXFrameworksBuildPhase;
			buildActionMask = 2147483647;
			files = (
				4910C53C2D408812006AB7E5 /* FirebaseDatabase in Frameworks */,
				4950011A2D5C809E0057ECEC /* FirebaseAuth in Frameworks */,
				4910C53E2D408812006AB7E5 /* FirebaseFirestore in Frameworks */,
				A77C88C22E252941002D725E /* NMapsMap in Frameworks */,
				A7F0A9242E2524FF00F05A24 /* FirebaseCore in Frameworks */,
				4910C53A2D408812006AB7E5 /* FirebaseAnalytics in Frameworks */,
				499C3C8B2D4B63C300B96903 /* FirebaseStorage in Frameworks */,
			);
			runOnlyForDeploymentPostprocessing = 0;
		};
/* End PBXFrameworksBuildPhase section */

/* Begin PBXGroup section */
		49288AA02D19450C00FF1E50 = {
			isa = PBXGroup;
			children = (
				49288AAB2D19450C00FF1E50 /* SmokingAreaOdi */,
				49288AAA2D19450C00FF1E50 /* Products */,
				4961B4892D3A2DD500CCDD8C /* Recovered References */,
				C6320CCAA5A88F0BADA6F25C /* Frameworks */,
			);
			sourceTree = "<group>";
		};
		49288AAA2D19450C00FF1E50 /* Products */ = {
			isa = PBXGroup;
			children = (
				49288AA92D19450C00FF1E50 /* SmokingAreaOdi.app */,
			);
			name = Products;
			sourceTree = "<group>";
		};
		49288AAB2D19450C00FF1E50 /* SmokingAreaOdi */ = {
			isa = PBXGroup;
			children = (
				49288AAC2D19450C00FF1E50 /* AppDelegate.swift */,
				49288AAE2D19450C00FF1E50 /* SceneDelegate.swift */,
				A774711D2D58D8ED006F2F0D /* Model */,
				A774711E2D58D913006F2F0D /* View */,
				A774711F2D58D917006F2F0D /* Controller */,
				A77471202D58D93E006F2F0D /* Service */,
				49288AB52D19450D00FF1E50 /* Assets.xcassets */,
				49288AB72D19450D00FF1E50 /* LaunchScreen.storyboard */,
				49288ABA2D19450D00FF1E50 /* Info.plist */,
				A76232662D5229D800A0F323 /* GoogleService-Info.plist */,
			);
			path = SmokingAreaOdi;
			sourceTree = "<group>";
		};
		4961B4892D3A2DD500CCDD8C /* Recovered References */ = {
			isa = PBXGroup;
			children = (
			);
			name = "Recovered References";
			sourceTree = "<group>";
		};
		A774711D2D58D8ED006F2F0D /* Model */ = {
			isa = PBXGroup;
			children = (
			);
			path = Model;
			sourceTree = "<group>";
		};
		A774711E2D58D913006F2F0D /* View */ = {
			isa = PBXGroup;
			children = (
				49288AB22D19450C00FF1E50 /* Main.storyboard */,
				A77C88C32E252F4B002D725E /* MainView.swift */,
			);
			path = View;
			sourceTree = "<group>";
		};
		A774711F2D58D917006F2F0D /* Controller */ = {
			isa = PBXGroup;
			children = (
				A77C88BE2E2528A8002D725E /* ViewController.swift */,
			);
			path = Controller;
			sourceTree = "<group>";
		};
		A77471202D58D93E006F2F0D /* Service */ = {
			isa = PBXGroup;
			children = (
			);
			path = Service;
			sourceTree = "<group>";
		};
		C6320CCAA5A88F0BADA6F25C /* Frameworks */ = {
			isa = PBXGroup;
			children = (
				71E8D5BE6D6F3B97EE6F1699 /* Pods_SmokingAreaOdi.framework */,
			);
			name = Frameworks;
			sourceTree = "<group>";
		};
/* End PBXGroup section */

/* Begin PBXNativeTarget section */
		49288AA82D19450C00FF1E50 /* SmokingAreaOdi */ = {
			isa = PBXNativeTarget;
			buildConfigurationList = 49288ABD2D19450D00FF1E50 /* Build configuration list for PBXNativeTarget "SmokingAreaOdi" */;
			buildPhases = (
				49288AA52D19450C00FF1E50 /* Sources */,
				49288AA62D19450C00FF1E50 /* Frameworks */,
				49288AA72D19450C00FF1E50 /* Resources */,
			);
			buildRules = (
			);
			dependencies = (
			);
			name = SmokingAreaOdi;
			packageProductDependencies = (
				4910C5392D408812006AB7E5 /* FirebaseAnalytics */,
				4910C53B2D408812006AB7E5 /* FirebaseDatabase */,
				4910C53D2D408812006AB7E5 /* FirebaseFirestore */,
				499C3C8A2D4B63C300B96903 /* FirebaseStorage */,
				495001192D5C809E0057ECEC /* FirebaseAuth */,
				A7F0A9232E2524FF00F05A24 /* FirebaseCore */,
				A77C88C12E252941002D725E /* NMapsMap */,
			);
			productName = SmokeAreaOdi;
			productReference = 49288AA92D19450C00FF1E50 /* SmokingAreaOdi.app */;
			productType = "com.apple.product-type.application";
		};
/* End PBXNativeTarget section */

/* Begin PBXProject section */
		49288AA12D19450C00FF1E50 /* Project object */ = {
			isa = PBXProject;
			attributes = {
				BuildIndependentTargetsInParallel = 1;
				LastSwiftUpdateCheck = 1540;
				LastUpgradeCheck = 1540;
				TargetAttributes = {
					49288AA82D19450C00FF1E50 = {
						CreatedOnToolsVersion = 15.4;
					};
				};
			};
			buildConfigurationList = 49288AA42D19450C00FF1E50 /* Build configuration list for PBXProject "SmokingAreaOdi" */;
			compatibilityVersion = "Xcode 14.0";
			developmentRegion = en;
			hasScannedForEncodings = 0;
			knownRegions = (
				en,
				Base,
			);
			mainGroup = 49288AA02D19450C00FF1E50;
			packageReferences = (
				4910C5382D408812006AB7E5 /* XCRemoteSwiftPackageReference "firebase-ios-sdk" */,
				A77C88C02E252941002D725E /* XCRemoteSwiftPackageReference "SPM-NMapsMap" */,
			);
			productRefGroup = 49288AAA2D19450C00FF1E50 /* Products */;
			projectDirPath = "";
			projectRoot = "";
			targets = (
				49288AA82D19450C00FF1E50 /* SmokingAreaOdi */,
			);
		};
/* End PBXProject section */

/* Begin PBXResourcesBuildPhase section */
		49288AA72D19450C00FF1E50 /* Resources */ = {
			isa = PBXResourcesBuildPhase;
			buildActionMask = 2147483647;
			files = (
				49288AB62D19450D00FF1E50 /* Assets.xcassets in Resources */,
				49288AB92D19450D00FF1E50 /* Base in Resources */,
				49288AB42D19450C00FF1E50 /* Base in Resources */,
				A70F0E492D3CCEEA00E780FC /* Main.storyboard in Resources */,
				A76232672D5229D800A0F323 /* GoogleService-Info.plist in Resources */,
			);
			runOnlyForDeploymentPostprocessing = 0;
		};
/* End PBXResourcesBuildPhase section */

/* Begin PBXSourcesBuildPhase section */
		49288AA52D19450C00FF1E50 /* Sources */ = {
			isa = PBXSourcesBuildPhase;
			buildActionMask = 2147483647;
			files = (
				A77C88BF2E2528A8002D725E /* ViewController.swift in Sources */,
				A77C88C42E252F4B002D725E /* MainView.swift in Sources */,
				49288AAD2D19450C00FF1E50 /* AppDelegate.swift in Sources */,
				49288AAF2D19450C00FF1E50 /* SceneDelegate.swift in Sources */,
			);
			runOnlyForDeploymentPostprocessing = 0;
		};
/* End PBXSourcesBuildPhase section */

/* Begin PBXVariantGroup section */
		49288AB22D19450C00FF1E50 /* Main.storyboard */ = {
			isa = PBXVariantGroup;
			children = (
				49288AB32D19450C00FF1E50 /* Base */,
			);
			name = Main.storyboard;
			sourceTree = "<group>";
		};
		49288AB72D19450D00FF1E50 /* LaunchScreen.storyboard */ = {
			isa = PBXVariantGroup;
			children = (
				49288AB82D19450D00FF1E50 /* Base */,
			);
			name = LaunchScreen.storyboard;
			sourceTree = "<group>";
		};
/* End PBXVariantGroup section */

/* Begin XCBuildConfiguration section */
		49288ABB2D19450D00FF1E50 /* Debug */ = {
			isa = XCBuildConfiguration;
			buildSettings = {
				ALWAYS_SEARCH_USER_PATHS = NO;
				ASSETCATALOG_COMPILER_GENERATE_SWIFT_ASSET_SYMBOL_EXTENSIONS = YES;
				CLANG_ANALYZER_NONNULL = YES;
				CLANG_ANALYZER_NUMBER_OBJECT_CONVERSION = YES_AGGRESSIVE;
				CLANG_CXX_LANGUAGE_STANDARD = "gnu++20";
				CLANG_ENABLE_MODULES = YES;
				CLANG_ENABLE_OBJC_ARC = YES;
				CLANG_ENABLE_OBJC_WEAK = YES;
				CLANG_WARN_BLOCK_CAPTURE_AUTORELEASING = YES;
				CLANG_WARN_BOOL_CONVERSION = YES;
				CLANG_WARN_COMMA = YES;
				CLANG_WARN_CONSTANT_CONVERSION = YES;
				CLANG_WARN_DEPRECATED_OBJC_IMPLEMENTATIONS = YES;
				CLANG_WARN_DIRECT_OBJC_ISA_USAGE = YES_ERROR;
				CLANG_WARN_DOCUMENTATION_COMMENTS = YES;
				CLANG_WARN_EMPTY_BODY = YES;
				CLANG_WARN_ENUM_CONVERSION = YES;
				CLANG_WARN_INFINITE_RECURSION = YES;
				CLANG_WARN_INT_CONVERSION = YES;
				CLANG_WARN_NON_LITERAL_NULL_CONVERSION = YES;
				CLANG_WARN_OBJC_IMPLICIT_RETAIN_SELF = YES;
				CLANG_WARN_OBJC_LITERAL_CONVERSION = YES;
				CLANG_WARN_OBJC_ROOT_CLASS = YES_ERROR;
				CLANG_WARN_QUOTED_INCLUDE_IN_FRAMEWORK_HEADER = YES;
				CLANG_WARN_RANGE_LOOP_ANALYSIS = YES;
				CLANG_WARN_STRICT_PROTOTYPES = YES;
				CLANG_WARN_SUSPICIOUS_MOVE = YES;
				CLANG_WARN_UNGUARDED_AVAILABILITY = YES_AGGRESSIVE;
				CLANG_WARN_UNREACHABLE_CODE = YES;
				CLANG_WARN__DUPLICATE_METHOD_MATCH = YES;
				COPY_PHASE_STRIP = NO;
				DEBUG_INFORMATION_FORMAT = dwarf;
				ENABLE_STRICT_OBJC_MSGSEND = YES;
				ENABLE_TESTABILITY = YES;
				ENABLE_USER_SCRIPT_SANDBOXING = NO;
				GCC_C_LANGUAGE_STANDARD = gnu17;
				GCC_DYNAMIC_NO_PIC = NO;
				GCC_NO_COMMON_BLOCKS = YES;
				GCC_OPTIMIZATION_LEVEL = 0;
				GCC_PREPROCESSOR_DEFINITIONS = (
					"DEBUG=1",
					"$(inherited)",
				);
				GCC_WARN_64_TO_32_BIT_CONVERSION = YES;
				GCC_WARN_ABOUT_RETURN_TYPE = YES_ERROR;
				GCC_WARN_UNDECLARED_SELECTOR = YES;
				GCC_WARN_UNINITIALIZED_AUTOS = YES_AGGRESSIVE;
				GCC_WARN_UNUSED_FUNCTION = YES;
				GCC_WARN_UNUSED_VARIABLE = YES;
				IPHONEOS_DEPLOYMENT_TARGET = 16.0;
				LOCALIZATION_PREFERS_STRING_CATALOGS = YES;
				MTL_ENABLE_DEBUG_INFO = INCLUDE_SOURCE;
				MTL_FAST_MATH = YES;
				ONLY_ACTIVE_ARCH = YES;
				SDKROOT = iphoneos;
				SWIFT_ACTIVE_COMPILATION_CONDITIONS = "DEBUG $(inherited)";
				SWIFT_OPTIMIZATION_LEVEL = "-Onone";
			};
			name = Debug;
		};
		49288ABC2D19450D00FF1E50 /* Release */ = {
			isa = XCBuildConfiguration;
			buildSettings = {
				ALWAYS_SEARCH_USER_PATHS = NO;
				ASSETCATALOG_COMPILER_GENERATE_SWIFT_ASSET_SYMBOL_EXTENSIONS = YES;
				CLANG_ANALYZER_NONNULL = YES;
				CLANG_ANALYZER_NUMBER_OBJECT_CONVERSION = YES_AGGRESSIVE;
				CLANG_CXX_LANGUAGE_STANDARD = "gnu++20";
				CLANG_ENABLE_MODULES = YES;
				CLANG_ENABLE_OBJC_ARC = YES;
				CLANG_ENABLE_OBJC_WEAK = YES;
				CLANG_WARN_BLOCK_CAPTURE_AUTORELEASING = YES;
				CLANG_WARN_BOOL_CONVERSION = YES;
				CLANG_WARN_COMMA = YES;
				CLANG_WARN_CONSTANT_CONVERSION = YES;
				CLANG_WARN_DEPRECATED_OBJC_IMPLEMENTATIONS = YES;
				CLANG_WARN_DIRECT_OBJC_ISA_USAGE = YES_ERROR;
				CLANG_WARN_DOCUMENTATION_COMMENTS = YES;
				CLANG_WARN_EMPTY_BODY = YES;
				CLANG_WARN_ENUM_CONVERSION = YES;
				CLANG_WARN_INFINITE_RECURSION = YES;
				CLANG_WARN_INT_CONVERSION = YES;
				CLANG_WARN_NON_LITERAL_NULL_CONVERSION = YES;
				CLANG_WARN_OBJC_IMPLICIT_RETAIN_SELF = YES;
				CLANG_WARN_OBJC_LITERAL_CONVERSION = YES;
				CLANG_WARN_OBJC_ROOT_CLASS = YES_ERROR;
				CLANG_WARN_QUOTED_INCLUDE_IN_FRAMEWORK_HEADER = YES;
				CLANG_WARN_RANGE_LOOP_ANALYSIS = YES;
				CLANG_WARN_STRICT_PROTOTYPES = YES;
				CLANG_WARN_SUSPICIOUS_MOVE = YES;
				CLANG_WARN_UNGUARDED_AVAILABILITY = YES_AGGRESSIVE;
				CLANG_WARN_UNREACHABLE_CODE = YES;
				CLANG_WARN__DUPLICATE_METHOD_MATCH = YES;
				COPY_PHASE_STRIP = NO;
				DEBUG_INFORMATION_FORMAT = "dwarf-with-dsym";
				ENABLE_NS_ASSERTIONS = NO;
				ENABLE_STRICT_OBJC_MSGSEND = YES;
				ENABLE_USER_SCRIPT_SANDBOXING = NO;
				GCC_C_LANGUAGE_STANDARD = gnu17;
				GCC_NO_COMMON_BLOCKS = YES;
				GCC_WARN_64_TO_32_BIT_CONVERSION = YES;
				GCC_WARN_ABOUT_RETURN_TYPE = YES_ERROR;
				GCC_WARN_UNDECLARED_SELECTOR = YES;
				GCC_WARN_UNINITIALIZED_AUTOS = YES_AGGRESSIVE;
				GCC_WARN_UNUSED_FUNCTION = YES;
				GCC_WARN_UNUSED_VARIABLE = YES;
				IPHONEOS_DEPLOYMENT_TARGET = 16.0;
				LOCALIZATION_PREFERS_STRING_CATALOGS = YES;
				MTL_ENABLE_DEBUG_INFO = NO;
				MTL_FAST_MATH = YES;
				SDKROOT = iphoneos;
				SWIFT_COMPILATION_MODE = wholemodule;
				VALIDATE_PRODUCT = YES;
			};
			name = Release;
		};
		49288ABE2D19450D00FF1E50 /* Debug */ = {
			isa = XCBuildConfiguration;
			buildSettings = {
				ASSETCATALOG_COMPILER_APPICON_NAME = AppIcon;
				ASSETCATALOG_COMPILER_GLOBAL_ACCENT_COLOR_NAME = AccentColor;
				CODE_SIGN_STYLE = Automatic;
				CURRENT_PROJECT_VERSION = 1;
				DEVELOPMENT_TEAM = Z4QCD3KW2W;
				GENERATE_INFOPLIST_FILE = YES;
				INFOPLIST_FILE = SmokingAreaOdi/Info.plist;
				INFOPLIST_KEY_LSApplicationCategoryType = "public.app-category.lifestyle";
				INFOPLIST_KEY_UIApplicationSupportsIndirectInputEvents = YES;
				INFOPLIST_KEY_UILaunchStoryboardName = LaunchScreen;
				INFOPLIST_KEY_UIMainStoryboardFile = Main;
				INFOPLIST_KEY_UISupportedInterfaceOrientations_iPad = "UIInterfaceOrientationPortrait UIInterfaceOrientationPortraitUpsideDown UIInterfaceOrientationLandscapeLeft UIInterfaceOrientationLandscapeRight";
				INFOPLIST_KEY_UISupportedInterfaceOrientations_iPhone = "UIInterfaceOrientationPortrait UIInterfaceOrientationLandscapeLeft UIInterfaceOrientationLandscapeRight";
				IPHONEOS_DEPLOYMENT_TARGET = 16.0;
				LD_RUNPATH_SEARCH_PATHS = (
					"$(inherited)",
					"@executable_path/Frameworks",
				);
				MARKETING_VERSION = 1.0;
				PRODUCT_BUNDLE_IDENTIFIER = G32.SmokingAreaOdi;
				PRODUCT_NAME = "$(TARGET_NAME)";
				SUPPORTED_PLATFORMS = "iphoneos iphonesimulator";
				SUPPORTS_MACCATALYST = NO;
				SUPPORTS_MAC_DESIGNED_FOR_IPHONE_IPAD = NO;
				SUPPORTS_XR_DESIGNED_FOR_IPHONE_IPAD = NO;
				SWIFT_EMIT_LOC_STRINGS = YES;
				SWIFT_VERSION = 5.0;
				TARGETED_DEVICE_FAMILY = 1;
			};
			name = Debug;
		};
		49288ABF2D19450D00FF1E50 /* Release */ = {
			isa = XCBuildConfiguration;
			buildSettings = {
				ASSETCATALOG_COMPILER_APPICON_NAME = AppIcon;
				ASSETCATALOG_COMPILER_GLOBAL_ACCENT_COLOR_NAME = AccentColor;
				CODE_SIGN_STYLE = Automatic;
				CURRENT_PROJECT_VERSION = 1;
				DEVELOPMENT_TEAM = Z4QCD3KW2W;
				GENERATE_INFOPLIST_FILE = YES;
				INFOPLIST_FILE = SmokingAreaOdi/Info.plist;
				INFOPLIST_KEY_LSApplicationCategoryType = "public.app-category.lifestyle";
				INFOPLIST_KEY_UIApplicationSupportsIndirectInputEvents = YES;
				INFOPLIST_KEY_UILaunchStoryboardName = LaunchScreen;
				INFOPLIST_KEY_UIMainStoryboardFile = Main;
				INFOPLIST_KEY_UISupportedInterfaceOrientations_iPad = "UIInterfaceOrientationPortrait UIInterfaceOrientationPortraitUpsideDown UIInterfaceOrientationLandscapeLeft UIInterfaceOrientationLandscapeRight";
				INFOPLIST_KEY_UISupportedInterfaceOrientations_iPhone = "UIInterfaceOrientationPortrait UIInterfaceOrientationLandscapeLeft UIInterfaceOrientationLandscapeRight";
				IPHONEOS_DEPLOYMENT_TARGET = 16.0;
				LD_RUNPATH_SEARCH_PATHS = (
					"$(inherited)",
					"@executable_path/Frameworks",
				);
				MARKETING_VERSION = 1.0;
				PRODUCT_BUNDLE_IDENTIFIER = G32.SmokingAreaOdi;
				PRODUCT_NAME = "$(TARGET_NAME)";
				SUPPORTED_PLATFORMS = "iphoneos iphonesimulator";
				SUPPORTS_MACCATALYST = NO;
				SUPPORTS_MAC_DESIGNED_FOR_IPHONE_IPAD = NO;
				SUPPORTS_XR_DESIGNED_FOR_IPHONE_IPAD = NO;
				SWIFT_EMIT_LOC_STRINGS = YES;
				SWIFT_VERSION = 5.0;
				TARGETED_DEVICE_FAMILY = 1;
			};
			name = Release;
		};
/* End XCBuildConfiguration section */

/* Begin XCConfigurationList section */
		49288AA42D19450C00FF1E50 /* Build configuration list for PBXProject "SmokingAreaOdi" */ = {
			isa = XCConfigurationList;
			buildConfigurations = (
				49288ABB2D19450D00FF1E50 /* Debug */,
				49288ABC2D19450D00FF1E50 /* Release */,
			);
			defaultConfigurationIsVisible = 0;
			defaultConfigurationName = Release;
		};
		49288ABD2D19450D00FF1E50 /* Build configuration list for PBXNativeTarget "SmokingAreaOdi" */ = {
			isa = XCConfigurationList;
			buildConfigurations = (
				49288ABE2D19450D00FF1E50 /* Debug */,
				49288ABF2D19450D00FF1E50 /* Release */,
			);
			defaultConfigurationIsVisible = 0;
			defaultConfigurationName = Release;
		};
/* End XCConfigurationList section */

/* Begin XCRemoteSwiftPackageReference section */
		4910C5382D408812006AB7E5 /* XCRemoteSwiftPackageReference "firebase-ios-sdk" */ = {
			isa = XCRemoteSwiftPackageReference;
			repositoryURL = "https://github.com/firebase/firebase-ios-sdk";
			requirement = {
				kind = upToNextMajorVersion;
				minimumVersion = 11.7.0;
			};
		};
		A77C88C02E252941002D725E /* XCRemoteSwiftPackageReference "SPM-NMapsMap" */ = {
			isa = XCRemoteSwiftPackageReference;
			repositoryURL = "https://github.com/navermaps/SPM-NMapsMap";
			requirement = {
				kind = upToNextMajorVersion;
				minimumVersion = 3.22.0;
			};
		};
/* End XCRemoteSwiftPackageReference section */

/* Begin XCSwiftPackageProductDependency section */
		4910C5392D408812006AB7E5 /* FirebaseAnalytics */ = {
			isa = XCSwiftPackageProductDependency;
			package = 4910C5382D408812006AB7E5 /* XCRemoteSwiftPackageReference "firebase-ios-sdk" */;
			productName = FirebaseAnalytics;
		};
		4910C53B2D408812006AB7E5 /* FirebaseDatabase */ = {
			isa = XCSwiftPackageProductDependency;
			package = 4910C5382D408812006AB7E5 /* XCRemoteSwiftPackageReference "firebase-ios-sdk" */;
			productName = FirebaseDatabase;
		};
		4910C53D2D408812006AB7E5 /* FirebaseFirestore */ = {
			isa = XCSwiftPackageProductDependency;
			package = 4910C5382D408812006AB7E5 /* XCRemoteSwiftPackageReference "firebase-ios-sdk" */;
			productName = FirebaseFirestore;
		};
		495001192D5C809E0057ECEC /* FirebaseAuth */ = {
			isa = XCSwiftPackageProductDependency;
			productName = FirebaseAuth;
		};
		499C3C8A2D4B63C300B96903 /* FirebaseStorage */ = {
			isa = XCSwiftPackageProductDependency;
			package = 4910C5382D408812006AB7E5 /* XCRemoteSwiftPackageReference "firebase-ios-sdk" */;
			productName = FirebaseStorage;
		};
		A77C88C12E252941002D725E /* NMapsMap */ = {
			isa = XCSwiftPackageProductDependency;
			package = A77C88C02E252941002D725E /* XCRemoteSwiftPackageReference "SPM-NMapsMap" */;
			productName = NMapsMap;
		};
		A7F0A9232E2524FF00F05A24 /* FirebaseCore */ = {
			isa = XCSwiftPackageProductDependency;
			productName = FirebaseCore;
		};
/* End XCSwiftPackageProductDependency section */
	};
	rootObject = 49288AA12D19450C00FF1E50 /* Project object */;
}
