// !$*UTF8*$!
{
	archiveVersion = 1;
	classes = {
	};
	objectVersion = 56;
	objects = {

/* Begin PBXBuildFile section */
		490221A12E67DBBF0069DDEC /* SmokingArea.swift in Sources */ = {isa = PBXBuildFile; fileRef = 490221A02E67DBBF0069DDEC /* SmokingArea.swift */; };
		49031DFF2EA5D9EE004F5857 /* MySmokingAreasViewController.swift in Sources */ = {isa = PBXBuildFile; fileRef = 49031DFE2EA5D9EE004F5857 /* MySmokingAreasViewController.swift */; };
		49031E062EAF482B004F5857 /* RxGesture in Frameworks */ = {isa = PBXBuildFile; productRef = 49031E052EAF482B004F5857 /* RxGesture */; };
		49031E082EAF4E11004F5857 /* FullImageViewController.swift in Sources */ = {isa = PBXBuildFile; fileRef = 49031E072EAF4E11004F5857 /* FullImageViewController.swift */; };
		49031E0B2EAF4E82004F5857 /* SDWebImage in Frameworks */ = {isa = PBXBuildFile; productRef = 49031E0A2EAF4E82004F5857 /* SDWebImage */; };
		49031E0D2EAF4E82004F5857 /* SDWebImageMapKit in Frameworks */ = {isa = PBXBuildFile; productRef = 49031E0C2EAF4E82004F5857 /* SDWebImageMapKit */; };
		49031E112EB08A0B004F5857 /* PrivacyPolicyViewController.swift in Sources */ = {isa = PBXBuildFile; fileRef = 49031E102EB08A0B004F5857 /* PrivacyPolicyViewController.swift */; };
		49031E182EB32DF0004F5857 /* GoogleService-Info.plist in Resources */ = {isa = PBXBuildFile; fileRef = 49031E172EB32DF0004F5857 /* GoogleService-Info.plist */; };
		49168A702E448E77002C5F69 /* FirebaseAuth in Frameworks */ = {isa = PBXBuildFile; productRef = 49168A6F2E448E77002C5F69 /* FirebaseAuth */; };
		49168A722E448E77002C5F69 /* FirebaseCore in Frameworks */ = {isa = PBXBuildFile; productRef = 49168A712E448E77002C5F69 /* FirebaseCore */; };
		49168A742E448E77002C5F69 /* FirebaseFirestore in Frameworks */ = {isa = PBXBuildFile; productRef = 49168A732E448E77002C5F69 /* FirebaseFirestore */; };
		49288AAD2D19450C00FF1E50 /* AppDelegate.swift in Sources */ = {isa = PBXBuildFile; fileRef = 49288AAC2D19450C00FF1E50 /* AppDelegate.swift */; };
		49288AAF2D19450C00FF1E50 /* SceneDelegate.swift in Sources */ = {isa = PBXBuildFile; fileRef = 49288AAE2D19450C00FF1E50 /* SceneDelegate.swift */; };
		49288AB62D19450D00FF1E50 /* Assets.xcassets in Resources */ = {isa = PBXBuildFile; fileRef = 49288AB52D19450D00FF1E50 /* Assets.xcassets */; };
		49288AB92D19450D00FF1E50 /* Base in Resources */ = {isa = PBXBuildFile; fileRef = 49288AB82D19450D00FF1E50 /* Base */; };
		4969371D2E793BA3008B0FCD /* KakaoSDK in Frameworks */ = {isa = PBXBuildFile; productRef = 4969371C2E793BA3008B0FCD /* KakaoSDK */; };
		498B448F2E7A53E800FF06B6 /* MainTabBarController.swift in Sources */ = {isa = PBXBuildFile; fileRef = 498B448E2E7A53E800FF06B6 /* MainTabBarController.swift */; };
		498B44912E7A82F900FF06B6 /* MyPageViewController.swift in Sources */ = {isa = PBXBuildFile; fileRef = 498B44902E7A82F900FF06B6 /* MyPageViewController.swift */; };
		498ECFA32E77F32C00B9EABC /* NearbySmokingAreasBottomSheetViewController.swift in Sources */ = {isa = PBXBuildFile; fileRef = 498ECFA22E77F32C00B9EABC /* NearbySmokingAreasBottomSheetViewController.swift */; };
		49E629602E27756C00751E26 /* MarkerPositionSelectorViewController.swift in Sources */ = {isa = PBXBuildFile; fileRef = 49E6295F2E27756C00751E26 /* MarkerPositionSelectorViewController.swift */; };
		49E629652E2F866000751E26 /* SnapKit in Frameworks */ = {isa = PBXBuildFile; productRef = 49E629642E2F866000751E26 /* SnapKit */; };
		49E629682E2F86C200751E26 /* FlexLayout in Frameworks */ = {isa = PBXBuildFile; productRef = 49E629672E2F86C200751E26 /* FlexLayout */; };
		49E6296B2E2F86FE00751E26 /* PinLayout in Frameworks */ = {isa = PBXBuildFile; productRef = 49E6296A2E2F86FE00751E26 /* PinLayout */; };
		9F1932812E75718500F94CB2 /* FirebaseStorage in Frameworks */ = {isa = PBXBuildFile; productRef = 9F1932802E75718500F94CB2 /* FirebaseStorage */; };
		9F34CEDB2E98EF5700842643 /* Kingfisher in Frameworks */ = {isa = PBXBuildFile; productRef = 9F34CEDA2E98EF5700842643 /* Kingfisher */; };
		9F6207782EC0365D0045D08C /* AppStarter.swift in Sources */ = {isa = PBXBuildFile; fileRef = 9F6207772EC0365D0045D08C /* AppStarter.swift */; };
		9F62077B2EC039110045D08C /* Color.swift in Sources */ = {isa = PBXBuildFile; fileRef = 9F62077A2EC039110045D08C /* Color.swift */; };
		9F62077D2EC047E90045D08C /* Constant.swift in Sources */ = {isa = PBXBuildFile; fileRef = 9F62077C2EC047E90045D08C /* Constant.swift */; };
		9F73EF6C2E44BFD0008E66E5 /* IQKeyboardManagerSwift in Frameworks */ = {isa = PBXBuildFile; productRef = 9F73EF6B2E44BFD0008E66E5 /* IQKeyboardManagerSwift */; };
		9F933E892E484A62001699AA /* RxCocoa in Frameworks */ = {isa = PBXBuildFile; productRef = 9F933E882E484A62001699AA /* RxCocoa */; };
		9F933E8B2E484A62001699AA /* RxRelay in Frameworks */ = {isa = PBXBuildFile; productRef = 9F933E8A2E484A62001699AA /* RxRelay */; };
		9F933E8D2E484A62001699AA /* RxSwift in Frameworks */ = {isa = PBXBuildFile; productRef = 9F933E8C2E484A62001699AA /* RxSwift */; };
		9F9F78012E66EF3B00148859 /* FloatingPanel in Frameworks */ = {isa = PBXBuildFile; productRef = 9F9F78002E66EF3B00148859 /* FloatingPanel */; };
		9FA27D2D2E82152100D36B6C /* GoogleSignIn in Frameworks */ = {isa = PBXBuildFile; productRef = 9FA27D2C2E82152100D36B6C /* GoogleSignIn */; };
		9FA27D2F2E82152100D36B6C /* GoogleSignInSwift in Frameworks */ = {isa = PBXBuildFile; productRef = 9FA27D2E2E82152100D36B6C /* GoogleSignInSwift */; };
		9FA6B1792E64473E00A94571 /* SmokingAreaBottomSheetViewController.swift in Sources */ = {isa = PBXBuildFile; fileRef = 9FA6B1782E64473E00A94571 /* SmokingAreaBottomSheetViewController.swift */; };
		9FA9DE722E65DB93004D71A7 /* PanModal in Frameworks */ = {isa = PBXBuildFile; productRef = 9FA9DE712E65DB93004D71A7 /* PanModal */; };
		9FAB5F9A2E90F9E600A7EE33 /* SmokingAreaTableViewCell.swift in Sources */ = {isa = PBXBuildFile; fileRef = 9F0EB9282E8FA15C0091976A /* SmokingAreaTableViewCell.swift */; };
		9FB2BC072E79783500C3B4F3 /* LoginViewController.swift in Sources */ = {isa = PBXBuildFile; fileRef = 9FB2BC062E79783500C3B4F3 /* LoginViewController.swift */; };
		9FB2BC0A2E7980A800C3B4F3 /* RxKakaoSDK in Frameworks */ = {isa = PBXBuildFile; productRef = 9FB2BC092E7980A800C3B4F3 /* RxKakaoSDK */; };
		9FB65AC22E7B7D4E00F788BF /* SignInViewController.swift in Sources */ = {isa = PBXBuildFile; fileRef = 9FB65AC12E7B7D4E00F788BF /* SignInViewController.swift */; };
		9FDBC1FC2E867BA2009924E8 /* LoginButton.swift in Sources */ = {isa = PBXBuildFile; fileRef = 9FDBC1FB2E867BA2009924E8 /* LoginButton.swift */; };
		9FDC5EEE2E7ACFB900C1335B /* FirebaseFunctions in Frameworks */ = {isa = PBXBuildFile; productRef = 9FDC5EED2E7ACFB900C1335B /* FirebaseFunctions */; };
		9FE2378C2EAF8B5500B19283 /* SettingsViewController.swift in Sources */ = {isa = PBXBuildFile; fileRef = 9FE2378B2EAF8B5500B19283 /* SettingsViewController.swift */; };
		9FF116062E9609AB0076A359 /* ReactorKit in Frameworks */ = {isa = PBXBuildFile; productRef = 9FF116052E9609AB0076A359 /* ReactorKit */; };
		A75196ED2E3A42D700CE5F1F /* Then in Frameworks */ = {isa = PBXBuildFile; productRef = A75196EC2E3A42D700CE5F1F /* Then */; };
		A77C88BF2E2528A8002D725E /* HomeViewController.swift in Sources */ = {isa = PBXBuildFile; fileRef = A77C88BE2E2528A8002D725E /* HomeViewController.swift */; };
		A77C88C22E252941002D725E /* NMapsMap in Frameworks */ = {isa = PBXBuildFile; productRef = A77C88C12E252941002D725E /* NMapsMap */; };
		A7990CBE2E288E5200B3D3CE /* MarkerInfoInputViewController.swift in Sources */ = {isa = PBXBuildFile; fileRef = A7990CBD2E288E5100B3D3CE /* MarkerInfoInputViewController.swift */; };
/* End PBXBuildFile section */

/* Begin PBXFileReference section */
		490221A02E67DBBF0069DDEC /* SmokingArea.swift */ = {isa = PBXFileReference; lastKnownFileType = sourcecode.swift; path = SmokingArea.swift; sourceTree = "<group>"; };
		49031DFE2EA5D9EE004F5857 /* MySmokingAreasViewController.swift */ = {isa = PBXFileReference; lastKnownFileType = sourcecode.swift; path = MySmokingAreasViewController.swift; sourceTree = "<group>"; };
		49031E072EAF4E11004F5857 /* FullImageViewController.swift */ = {isa = PBXFileReference; lastKnownFileType = sourcecode.swift; path = FullImageViewController.swift; sourceTree = "<group>"; };
		49031E102EB08A0B004F5857 /* PrivacyPolicyViewController.swift */ = {isa = PBXFileReference; lastKnownFileType = sourcecode.swift; path = PrivacyPolicyViewController.swift; sourceTree = "<group>"; };
		49031E122EB09A67004F5857 /* SmokingAreaOdi.entitlements */ = {isa = PBXFileReference; lastKnownFileType = text.plist.entitlements; path = SmokingAreaOdi.entitlements; sourceTree = "<group>"; };
		49031E172EB32DF0004F5857 /* GoogleService-Info.plist */ = {isa = PBXFileReference; lastKnownFileType = text.plist.xml; path = "GoogleService-Info.plist"; sourceTree = "<group>"; };
		49288AA92D19450C00FF1E50 /* SmokingAreaOdi.app */ = {isa = PBXFileReference; explicitFileType = wrapper.application; includeInIndex = 0; path = SmokingAreaOdi.app; sourceTree = BUILT_PRODUCTS_DIR; };
		49288AAC2D19450C00FF1E50 /* AppDelegate.swift */ = {isa = PBXFileReference; lastKnownFileType = sourcecode.swift; path = AppDelegate.swift; sourceTree = "<group>"; };
		49288AAE2D19450C00FF1E50 /* SceneDelegate.swift */ = {isa = PBXFileReference; lastKnownFileType = sourcecode.swift; path = SceneDelegate.swift; sourceTree = "<group>"; };
		49288AB52D19450D00FF1E50 /* Assets.xcassets */ = {isa = PBXFileReference; lastKnownFileType = folder.assetcatalog; path = Assets.xcassets; sourceTree = "<group>"; };
		49288AB82D19450D00FF1E50 /* Base */ = {isa = PBXFileReference; lastKnownFileType = file.storyboard; name = Base; path = Base.lproj/LaunchScreen.storyboard; sourceTree = "<group>"; };
		49288ABA2D19450D00FF1E50 /* Info.plist */ = {isa = PBXFileReference; lastKnownFileType = text.plist.xml; path = Info.plist; sourceTree = "<group>"; };
		498B448E2E7A53E800FF06B6 /* MainTabBarController.swift */ = {isa = PBXFileReference; lastKnownFileType = sourcecode.swift; path = MainTabBarController.swift; sourceTree = "<group>"; };
		498B44902E7A82F900FF06B6 /* MyPageViewController.swift */ = {isa = PBXFileReference; lastKnownFileType = sourcecode.swift; path = MyPageViewController.swift; sourceTree = "<group>"; };
		498ECFA22E77F32C00B9EABC /* NearbySmokingAreasBottomSheetViewController.swift */ = {isa = PBXFileReference; lastKnownFileType = sourcecode.swift; path = NearbySmokingAreasBottomSheetViewController.swift; sourceTree = "<group>"; };
		49E6295F2E27756C00751E26 /* MarkerPositionSelectorViewController.swift */ = {isa = PBXFileReference; lastKnownFileType = sourcecode.swift; path = MarkerPositionSelectorViewController.swift; sourceTree = "<group>"; };
		71E8D5BE6D6F3B97EE6F1699 /* Pods_SmokingAreaOdi.framework */ = {isa = PBXFileReference; explicitFileType = wrapper.framework; includeInIndex = 0; path = Pods_SmokingAreaOdi.framework; sourceTree = BUILT_PRODUCTS_DIR; };
		9F0EB9282E8FA15C0091976A /* SmokingAreaTableViewCell.swift */ = {isa = PBXFileReference; lastKnownFileType = sourcecode.swift; path = SmokingAreaTableViewCell.swift; sourceTree = "<group>"; };
		9F6207772EC0365D0045D08C /* AppStarter.swift */ = {isa = PBXFileReference; lastKnownFileType = sourcecode.swift; path = AppStarter.swift; sourceTree = "<group>"; };
		9F62077A2EC039110045D08C /* Color.swift */ = {isa = PBXFileReference; lastKnownFileType = sourcecode.swift; path = Color.swift; sourceTree = "<group>"; };
		9F62077C2EC047E90045D08C /* Constant.swift */ = {isa = PBXFileReference; lastKnownFileType = sourcecode.swift; path = Constant.swift; sourceTree = "<group>"; };
		9FA6B1782E64473E00A94571 /* SmokingAreaBottomSheetViewController.swift */ = {isa = PBXFileReference; lastKnownFileType = sourcecode.swift; path = SmokingAreaBottomSheetViewController.swift; sourceTree = "<group>"; };
		9FB2BC052E79777D00C3B4F3 /* Config.xcconfig */ = {isa = PBXFileReference; lastKnownFileType = text.xcconfig; path = Config.xcconfig; sourceTree = "<group>"; };
		9FB2BC062E79783500C3B4F3 /* LoginViewController.swift */ = {isa = PBXFileReference; lastKnownFileType = sourcecode.swift; path = LoginViewController.swift; sourceTree = "<group>"; };
		9FB65AC12E7B7D4E00F788BF /* SignInViewController.swift */ = {isa = PBXFileReference; lastKnownFileType = sourcecode.swift; path = SignInViewController.swift; sourceTree = "<group>"; };
		9FDBC1FB2E867BA2009924E8 /* LoginButton.swift */ = {isa = PBXFileReference; lastKnownFileType = sourcecode.swift; path = LoginButton.swift; sourceTree = "<group>"; };
		9FE2378B2EAF8B5500B19283 /* SettingsViewController.swift */ = {isa = PBXFileReference; lastKnownFileType = sourcecode.swift; path = SettingsViewController.swift; sourceTree = "<group>"; };
		A77C88BE2E2528A8002D725E /* HomeViewController.swift */ = {isa = PBXFileReference; lastKnownFileType = sourcecode.swift; path = HomeViewController.swift; sourceTree = "<group>"; };
		A7990CBD2E288E5100B3D3CE /* MarkerInfoInputViewController.swift */ = {isa = PBXFileReference; lastKnownFileType = sourcecode.swift; path = MarkerInfoInputViewController.swift; sourceTree = "<group>"; };
/* End PBXFileReference section */

/* Begin PBXFrameworksBuildPhase section */
		49288AA62D19450C00FF1E50 /* Frameworks */ = {
			isa = PBXFrameworksBuildPhase;
			buildActionMask = 2147483647;
			files = (
				A75196ED2E3A42D700CE5F1F /* Then in Frameworks */,
				4969371D2E793BA3008B0FCD /* KakaoSDK in Frameworks */,
				49031E062EAF482B004F5857 /* RxGesture in Frameworks */,
				49168A702E448E77002C5F69 /* FirebaseAuth in Frameworks */,
				9FA27D2D2E82152100D36B6C /* GoogleSignIn in Frameworks */,
				9FDC5EEE2E7ACFB900C1335B /* FirebaseFunctions in Frameworks */,
				9FA9DE722E65DB93004D71A7 /* PanModal in Frameworks */,
				9FB2BC0A2E7980A800C3B4F3 /* RxKakaoSDK in Frameworks */,
				9F933E892E484A62001699AA /* RxCocoa in Frameworks */,
				9F34CEDB2E98EF5700842643 /* Kingfisher in Frameworks */,
				A77C88C22E252941002D725E /* NMapsMap in Frameworks */,
				9F9F78012E66EF3B00148859 /* FloatingPanel in Frameworks */,
				49E6296B2E2F86FE00751E26 /* PinLayout in Frameworks */,
				49168A722E448E77002C5F69 /* FirebaseCore in Frameworks */,
				9F1932812E75718500F94CB2 /* FirebaseStorage in Frameworks */,
				9F933E8D2E484A62001699AA /* RxSwift in Frameworks */,
				9F73EF6C2E44BFD0008E66E5 /* IQKeyboardManagerSwift in Frameworks */,
				9FA27D2F2E82152100D36B6C /* GoogleSignInSwift in Frameworks */,
				49031E0B2EAF4E82004F5857 /* SDWebImage in Frameworks */,
				9FF116062E9609AB0076A359 /* ReactorKit in Frameworks */,
				49168A742E448E77002C5F69 /* FirebaseFirestore in Frameworks */,
				49031E0D2EAF4E82004F5857 /* SDWebImageMapKit in Frameworks */,
				49E629682E2F86C200751E26 /* FlexLayout in Frameworks */,
				49E629652E2F866000751E26 /* SnapKit in Frameworks */,
				9F933E8B2E484A62001699AA /* RxRelay in Frameworks */,
			);
			runOnlyForDeploymentPostprocessing = 0;
		};
/* End PBXFrameworksBuildPhase section */

/* Begin PBXGroup section */
		49288AA02D19450C00FF1E50 = {
			isa = PBXGroup;
			children = (
				9F6207762EC036300045D08C /* Application */,
				9F6207752EC035EC0045D08C /* Resources */,
				9FB2BC052E79777D00C3B4F3 /* Config.xcconfig */,
				49288AAB2D19450C00FF1E50 /* SmokingAreaOdi */,
				49288AAA2D19450C00FF1E50 /* Products */,
				4961B4892D3A2DD500CCDD8C /* Recovered References */,
				C6320CCAA5A88F0BADA6F25C /* Frameworks */,
			);
			sourceTree = "<group>";
		};
		49288AAA2D19450C00FF1E50 /* Products */ = {
			isa = PBXGroup;
			children = (
				49288AA92D19450C00FF1E50 /* SmokingAreaOdi.app */,
			);
			name = Products;
			sourceTree = "<group>";
		};
		49288AAB2D19450C00FF1E50 /* SmokingAreaOdi */ = {
			isa = PBXGroup;
			children = (
				9F6207792EC038F50045D08C /* Utils */,
				49031E122EB09A67004F5857 /* SmokingAreaOdi.entitlements */,
				A774711D2D58D8ED006F2F0D /* Model */,
				9FF116032E9602E20076A359 /* View */,
				A774711F2D58D917006F2F0D /* Controller */,
				49288ABA2D19450D00FF1E50 /* Info.plist */,
				49031E172EB32DF0004F5857 /* GoogleService-Info.plist */,
			);
			path = SmokingAreaOdi;
			sourceTree = "<group>";
		};
		4961B4892D3A2DD500CCDD8C /* Recovered References */ = {
			isa = PBXGroup;
			children = (
			);
			name = "Recovered References";
			sourceTree = "<group>";
		};
		9F6207702EC035590045D08C /* Login */ = {
			isa = PBXGroup;
			children = (
				9FB2BC062E79783500C3B4F3 /* LoginViewController.swift */,
				9FB65AC12E7B7D4E00F788BF /* SignInViewController.swift */,
			);
			path = Login;
			sourceTree = "<group>";
		};
		9F6207712EC035650045D08C /* Home */ = {
			isa = PBXGroup;
			children = (
				9FA6B1782E64473E00A94571 /* SmokingAreaBottomSheetViewController.swift */,
				498ECFA22E77F32C00B9EABC /* NearbySmokingAreasBottomSheetViewController.swift */,
				A77C88BE2E2528A8002D725E /* HomeViewController.swift */,
				49E6295F2E27756C00751E26 /* MarkerPositionSelectorViewController.swift */,
				A7990CBD2E288E5100B3D3CE /* MarkerInfoInputViewController.swift */,
			);
			path = Home;
			sourceTree = "<group>";
		};
		9F6207722EC0356D0045D08C /* My */ = {
			isa = PBXGroup;
			children = (
				498B44902E7A82F900FF06B6 /* MyPageViewController.swift */,
				9FE2378B2EAF8B5500B19283 /* SettingsViewController.swift */,
				49031E102EB08A0B004F5857 /* PrivacyPolicyViewController.swift */,
				49031DFE2EA5D9EE004F5857 /* MySmokingAreasViewController.swift */,
			);
			path = My;
			sourceTree = "<group>";
		};
		9F6207732EC035D50045D08C /* View */ = {
			isa = PBXGroup;
			children = (
			);
			path = View;
			sourceTree = "<group>";
		};
		9F6207742EC035DE0045D08C /* Cell */ = {
			isa = PBXGroup;
			children = (
				9F0EB9282E8FA15C0091976A /* SmokingAreaTableViewCell.swift */,
			);
			path = Cell;
			sourceTree = "<group>";
		};
		9F6207752EC035EC0045D08C /* Resources */ = {
			isa = PBXGroup;
			children = (
				49288AB52D19450D00FF1E50 /* Assets.xcassets */,
				49288AB72D19450D00FF1E50 /* LaunchScreen.storyboard */,
				9F62077C2EC047E90045D08C /* Constant.swift */,
			);
			path = Resources;
			sourceTree = "<group>";
		};
		9F6207762EC036300045D08C /* Application */ = {
			isa = PBXGroup;
			children = (
				49288AAC2D19450C00FF1E50 /* AppDelegate.swift */,
				49288AAE2D19450C00FF1E50 /* SceneDelegate.swift */,
				9F6207772EC0365D0045D08C /* AppStarter.swift */,
			);
			path = Application;
			sourceTree = "<group>";
		};
		9F6207792EC038F50045D08C /* Utils */ = {
			isa = PBXGroup;
			children = (
				9F62077A2EC039110045D08C /* Color.swift */,
			);
			path = Utils;
			sourceTree = "<group>";
		};
		9FF116032E9602E20076A359 /* View */ = {
			isa = PBXGroup;
			children = (
				9F6207742EC035DE0045D08C /* Cell */,
				9F6207732EC035D50045D08C /* View */,
				9FDBC1FB2E867BA2009924E8 /* LoginButton.swift */,
			);
			path = View;
			sourceTree = "<group>";
		};
		A774711D2D58D8ED006F2F0D /* Model */ = {
			isa = PBXGroup;
			children = (
				490221A02E67DBBF0069DDEC /* SmokingArea.swift */,
			);
			path = Model;
			sourceTree = "<group>";
		};
		A774711F2D58D917006F2F0D /* Controller */ = {
			isa = PBXGroup;
			children = (
				9F6207722EC0356D0045D08C /* My */,
				9F6207712EC035650045D08C /* Home */,
				9F6207702EC035590045D08C /* Login */,
				498B448E2E7A53E800FF06B6 /* MainTabBarController.swift */,
				49031E072EAF4E11004F5857 /* FullImageViewController.swift */,
			);
			path = Controller;
			sourceTree = "<group>";
		};
		C6320CCAA5A88F0BADA6F25C /* Frameworks */ = {
			isa = PBXGroup;
			children = (
				71E8D5BE6D6F3B97EE6F1699 /* Pods_SmokingAreaOdi.framework */,
			);
			name = Frameworks;
			sourceTree = "<group>";
		};
/* End PBXGroup section */

/* Begin PBXNativeTarget section */
		49288AA82D19450C00FF1E50 /* SmokingAreaOdi */ = {
			isa = PBXNativeTarget;
			buildConfigurationList = 49288ABD2D19450D00FF1E50 /* Build configuration list for PBXNativeTarget "SmokingAreaOdi" */;
			buildPhases = (
				49288AA52D19450C00FF1E50 /* Sources */,
				49288AA62D19450C00FF1E50 /* Frameworks */,
				49288AA72D19450C00FF1E50 /* Resources */,
			);
			buildRules = (
			);
			dependencies = (
			);
			name = SmokingAreaOdi;
			packageProductDependencies = (
				A77C88C12E252941002D725E /* NMapsMap */,
				49E629642E2F866000751E26 /* SnapKit */,
				49E629672E2F86C200751E26 /* FlexLayout */,
				49E6296A2E2F86FE00751E26 /* PinLayout */,
				A75196EC2E3A42D700CE5F1F /* Then */,
				49168A6F2E448E77002C5F69 /* FirebaseAuth */,
				49168A712E448E77002C5F69 /* FirebaseCore */,
				49168A732E448E77002C5F69 /* FirebaseFirestore */,
				9F73EF6B2E44BFD0008E66E5 /* IQKeyboardManagerSwift */,
				9F933E882E484A62001699AA /* RxCocoa */,
				9F933E8A2E484A62001699AA /* RxRelay */,
				9F933E8C2E484A62001699AA /* RxSwift */,
				9FA9DE712E65DB93004D71A7 /* PanModal */,
				9F9F78002E66EF3B00148859 /* FloatingPanel */,
				9F1932802E75718500F94CB2 /* FirebaseStorage */,
				4969371C2E793BA3008B0FCD /* KakaoSDK */,
				9FB2BC092E7980A800C3B4F3 /* RxKakaoSDK */,
				9FDC5EED2E7ACFB900C1335B /* FirebaseFunctions */,
				9FA27D2C2E82152100D36B6C /* GoogleSignIn */,
				9FA27D2E2E82152100D36B6C /* GoogleSignInSwift */,
				9FF116052E9609AB0076A359 /* ReactorKit */,
				9F34CEDA2E98EF5700842643 /* Kingfisher */,
				49031E052EAF482B004F5857 /* RxGesture */,
				49031E0A2EAF4E82004F5857 /* SDWebImage */,
				49031E0C2EAF4E82004F5857 /* SDWebImageMapKit */,
			);
			productName = SmokeAreaOdi;
			productReference = 49288AA92D19450C00FF1E50 /* SmokingAreaOdi.app */;
			productType = "com.apple.product-type.application";
		};
/* End PBXNativeTarget section */

/* Begin PBXProject section */
		49288AA12D19450C00FF1E50 /* Project object */ = {
			isa = PBXProject;
			attributes = {
				BuildIndependentTargetsInParallel = 1;
				LastSwiftUpdateCheck = 1540;
				LastUpgradeCheck = 1540;
				TargetAttributes = {
					49288AA82D19450C00FF1E50 = {
						CreatedOnToolsVersion = 15.4;
					};
				};
			};
			buildConfigurationList = 49288AA42D19450C00FF1E50 /* Build configuration list for PBXProject "SmokingAreaOdi" */;
			compatibilityVersion = "Xcode 14.0";
			developmentRegion = en;
			hasScannedForEncodings = 0;
			knownRegions = (
				en,
				Base,
			);
			mainGroup = 49288AA02D19450C00FF1E50;
			packageReferences = (
				A77C88C02E252941002D725E /* XCRemoteSwiftPackageReference "SPM-NMapsMap" */,
				49E629632E2F866000751E26 /* XCRemoteSwiftPackageReference "SnapKit" */,
				49E629662E2F86C200751E26 /* XCRemoteSwiftPackageReference "FlexLayout" */,
				49E629692E2F86FE00751E26 /* XCRemoteSwiftPackageReference "PinLayout" */,
				A75196EB2E3A42D700CE5F1F /* XCRemoteSwiftPackageReference "Then" */,
				49168A6E2E448E77002C5F69 /* XCRemoteSwiftPackageReference "firebase-ios-sdk" */,
				9F73EF6A2E44BFD0008E66E5 /* XCRemoteSwiftPackageReference "IQKeyboardManager" */,
				9F933E872E484A62001699AA /* XCRemoteSwiftPackageReference "RxSwift" */,
				9FA9DE702E65DB93004D71A7 /* XCRemoteSwiftPackageReference "PanModal" */,
				9F9F77FF2E66EF3B00148859 /* XCRemoteSwiftPackageReference "FloatingPanel" */,
				4969371B2E793BA3008B0FCD /* XCRemoteSwiftPackageReference "kakao-ios-sdk" */,
				9FB2BC082E7980A800C3B4F3 /* XCRemoteSwiftPackageReference "kakao-ios-sdk-rx" */,
				9FA27D2B2E82152100D36B6C /* XCRemoteSwiftPackageReference "GoogleSignIn-iOS" */,
				9FF116042E9609AB0076A359 /* XCRemoteSwiftPackageReference "ReactorKit" */,
				9F34CED92E98EF5700842643 /* XCRemoteSwiftPackageReference "Kingfisher" */,
				49031E042EAF482B004F5857 /* XCRemoteSwiftPackageReference "RxGesture" */,
				49031E092EAF4E82004F5857 /* XCRemoteSwiftPackageReference "SDWebImage" */,
			);
			productRefGroup = 49288AAA2D19450C00FF1E50 /* Products */;
			projectDirPath = "";
			projectRoot = "";
			targets = (
				49288AA82D19450C00FF1E50 /* SmokingAreaOdi */,
			);
		};
/* End PBXProject section */

/* Begin PBXResourcesBuildPhase section */
		49288AA72D19450C00FF1E50 /* Resources */ = {
			isa = PBXResourcesBuildPhase;
			buildActionMask = 2147483647;
			files = (
				49288AB62D19450D00FF1E50 /* Assets.xcassets in Resources */,
				49288AB92D19450D00FF1E50 /* Base in Resources */,
				49031E182EB32DF0004F5857 /* GoogleService-Info.plist in Resources */,
			);
			runOnlyForDeploymentPostprocessing = 0;
		};
/* End PBXResourcesBuildPhase section */

/* Begin PBXSourcesBuildPhase section */
		49288AA52D19450C00FF1E50 /* Sources */ = {
			isa = PBXSourcesBuildPhase;
			buildActionMask = 2147483647;
			files = (
				9FB2BC072E79783500C3B4F3 /* LoginViewController.swift in Sources */,
				49E629602E27756C00751E26 /* MarkerPositionSelectorViewController.swift in Sources */,
				A77C88BF2E2528A8002D725E /* HomeViewController.swift in Sources */,
				49288AAD2D19450C00FF1E50 /* AppDelegate.swift in Sources */,
				49288AAF2D19450C00FF1E50 /* SceneDelegate.swift in Sources */,
				9FE2378C2EAF8B5500B19283 /* SettingsViewController.swift in Sources */,
				9FAB5F9A2E90F9E600A7EE33 /* SmokingAreaTableViewCell.swift in Sources */,
				490221A12E67DBBF0069DDEC /* SmokingArea.swift in Sources */,
				498B448F2E7A53E800FF06B6 /* MainTabBarController.swift in Sources */,
				A7990CBE2E288E5200B3D3CE /* MarkerInfoInputViewController.swift in Sources */,
				9FB65AC22E7B7D4E00F788BF /* SignInViewController.swift in Sources */,
				498ECFA32E77F32C00B9EABC /* NearbySmokingAreasBottomSheetViewController.swift in Sources */,
				498B44912E7A82F900FF06B6 /* MyPageViewController.swift in Sources */,
				9F62077B2EC039110045D08C /* Color.swift in Sources */,
				9F62077D2EC047E90045D08C /* Constant.swift in Sources */,
				9FA6B1792E64473E00A94571 /* SmokingAreaBottomSheetViewController.swift in Sources */,
				49031E082EAF4E11004F5857 /* FullImageViewController.swift in Sources */,
				49031E112EB08A0B004F5857 /* PrivacyPolicyViewController.swift in Sources */,
				49031DFF2EA5D9EE004F5857 /* MySmokingAreasViewController.swift in Sources */,
				9F6207782EC0365D0045D08C /* AppStarter.swift in Sources */,
				9FDBC1FC2E867BA2009924E8 /* LoginButton.swift in Sources */,
			);
			runOnlyForDeploymentPostprocessing = 0;
		};
/* End PBXSourcesBuildPhase section */

/* Begin PBXVariantGroup section */
		49288AB72D19450D00FF1E50 /* LaunchScreen.storyboard */ = {
			isa = PBXVariantGroup;
			children = (
				49288AB82D19450D00FF1E50 /* Base */,
			);
			name = LaunchScreen.storyboard;
			sourceTree = "<group>";
		};
/* End PBXVariantGroup section */

/* Begin XCBuildConfiguration section */
		49288ABB2D19450D00FF1E50 /* Debug */ = {
			isa = XCBuildConfiguration;
			baseConfigurationReference = 9FB2BC052E79777D00C3B4F3 /* Config.xcconfig */;
			buildSettings = {
				ALWAYS_SEARCH_USER_PATHS = NO;
				ASSETCATALOG_COMPILER_GENERATE_SWIFT_ASSET_SYMBOL_EXTENSIONS = YES;
				CLANG_ANALYZER_NONNULL = YES;
				CLANG_ANALYZER_NUMBER_OBJECT_CONVERSION = YES_AGGRESSIVE;
				CLANG_CXX_LANGUAGE_STANDARD = "gnu++20";
				CLANG_ENABLE_MODULES = YES;
				CLANG_ENABLE_OBJC_ARC = YES;
				CLANG_ENABLE_OBJC_WEAK = YES;
				CLANG_WARN_BLOCK_CAPTURE_AUTORELEASING = YES;
				CLANG_WARN_BOOL_CONVERSION = YES;
				CLANG_WARN_COMMA = YES;
				CLANG_WARN_CONSTANT_CONVERSION = YES;
				CLANG_WARN_DEPRECATED_OBJC_IMPLEMENTATIONS = YES;
				CLANG_WARN_DIRECT_OBJC_ISA_USAGE = YES_ERROR;
				CLANG_WARN_DOCUMENTATION_COMMENTS = YES;
				CLANG_WARN_EMPTY_BODY = YES;
				CLANG_WARN_ENUM_CONVERSION = YES;
				CLANG_WARN_INFINITE_RECURSION = YES;
				CLANG_WARN_INT_CONVERSION = YES;
				CLANG_WARN_NON_LITERAL_NULL_CONVERSION = YES;
				CLANG_WARN_OBJC_IMPLICIT_RETAIN_SELF = YES;
				CLANG_WARN_OBJC_LITERAL_CONVERSION = YES;
				CLANG_WARN_OBJC_ROOT_CLASS = YES_ERROR;
				CLANG_WARN_QUOTED_INCLUDE_IN_FRAMEWORK_HEADER = YES;
				CLANG_WARN_RANGE_LOOP_ANALYSIS = YES;
				CLANG_WARN_STRICT_PROTOTYPES = YES;
				CLANG_WARN_SUSPICIOUS_MOVE = YES;
				CLANG_WARN_UNGUARDED_AVAILABILITY = YES_AGGRESSIVE;
				CLANG_WARN_UNREACHABLE_CODE = YES;
				CLANG_WARN__DUPLICATE_METHOD_MATCH = YES;
				COPY_PHASE_STRIP = NO;
				DEBUG_INFORMATION_FORMAT = dwarf;
				ENABLE_STRICT_OBJC_MSGSEND = YES;
				ENABLE_TESTABILITY = YES;
				ENABLE_USER_SCRIPT_SANDBOXING = NO;
				GCC_C_LANGUAGE_STANDARD = gnu17;
				GCC_DYNAMIC_NO_PIC = NO;
				GCC_NO_COMMON_BLOCKS = YES;
				GCC_OPTIMIZATION_LEVEL = 0;
				GCC_PREPROCESSOR_DEFINITIONS = (
					"DEBUG=1",
					"$(inherited)",
				);
				GCC_WARN_64_TO_32_BIT_CONVERSION = YES;
				GCC_WARN_ABOUT_RETURN_TYPE = YES_ERROR;
				GCC_WARN_UNDECLARED_SELECTOR = YES;
				GCC_WARN_UNINITIALIZED_AUTOS = YES_AGGRESSIVE;
				GCC_WARN_UNUSED_FUNCTION = YES;
				GCC_WARN_UNUSED_VARIABLE = YES;
				IPHONEOS_DEPLOYMENT_TARGET = 16.0;
				LOCALIZATION_PREFERS_STRING_CATALOGS = YES;
				MTL_ENABLE_DEBUG_INFO = INCLUDE_SOURCE;
				MTL_FAST_MATH = YES;
				ONLY_ACTIVE_ARCH = YES;
				SDKROOT = iphoneos;
				SWIFT_ACTIVE_COMPILATION_CONDITIONS = "DEBUG $(inherited)";
				SWIFT_OPTIMIZATION_LEVEL = "-Onone";
			};
			name = Debug;
		};
		49288ABC2D19450D00FF1E50 /* Release */ = {
			isa = XCBuildConfiguration;
			baseConfigurationReference = 9FB2BC052E79777D00C3B4F3 /* Config.xcconfig */;
			buildSettings = {
				ALWAYS_SEARCH_USER_PATHS = NO;
				ASSETCATALOG_COMPILER_GENERATE_SWIFT_ASSET_SYMBOL_EXTENSIONS = YES;
				CLANG_ANALYZER_NONNULL = YES;
				CLANG_ANALYZER_NUMBER_OBJECT_CONVERSION = YES_AGGRESSIVE;
				CLANG_CXX_LANGUAGE_STANDARD = "gnu++20";
				CLANG_ENABLE_MODULES = YES;
				CLANG_ENABLE_OBJC_ARC = YES;
				CLANG_ENABLE_OBJC_WEAK = YES;
				CLANG_WARN_BLOCK_CAPTURE_AUTORELEASING = YES;
				CLANG_WARN_BOOL_CONVERSION = YES;
				CLANG_WARN_COMMA = YES;
				CLANG_WARN_CONSTANT_CONVERSION = YES;
				CLANG_WARN_DEPRECATED_OBJC_IMPLEMENTATIONS = YES;
				CLANG_WARN_DIRECT_OBJC_ISA_USAGE = YES_ERROR;
				CLANG_WARN_DOCUMENTATION_COMMENTS = YES;
				CLANG_WARN_EMPTY_BODY = YES;
				CLANG_WARN_ENUM_CONVERSION = YES;
				CLANG_WARN_INFINITE_RECURSION = YES;
				CLANG_WARN_INT_CONVERSION = YES;
				CLANG_WARN_NON_LITERAL_NULL_CONVERSION = YES;
				CLANG_WARN_OBJC_IMPLICIT_RETAIN_SELF = YES;
				CLANG_WARN_OBJC_LITERAL_CONVERSION = YES;
				CLANG_WARN_OBJC_ROOT_CLASS = YES_ERROR;
				CLANG_WARN_QUOTED_INCLUDE_IN_FRAMEWORK_HEADER = YES;
				CLANG_WARN_RANGE_LOOP_ANALYSIS = YES;
				CLANG_WARN_STRICT_PROTOTYPES = YES;
				CLANG_WARN_SUSPICIOUS_MOVE = YES;
				CLANG_WARN_UNGUARDED_AVAILABILITY = YES_AGGRESSIVE;
				CLANG_WARN_UNREACHABLE_CODE = YES;
				CLANG_WARN__DUPLICATE_METHOD_MATCH = YES;
				COPY_PHASE_STRIP = NO;
				DEBUG_INFORMATION_FORMAT = "dwarf-with-dsym";
				ENABLE_NS_ASSERTIONS = NO;
				ENABLE_STRICT_OBJC_MSGSEND = YES;
				ENABLE_USER_SCRIPT_SANDBOXING = NO;
				GCC_C_LANGUAGE_STANDARD = gnu17;
				GCC_NO_COMMON_BLOCKS = YES;
				GCC_WARN_64_TO_32_BIT_CONVERSION = YES;
				GCC_WARN_ABOUT_RETURN_TYPE = YES_ERROR;
				GCC_WARN_UNDECLARED_SELECTOR = YES;
				GCC_WARN_UNINITIALIZED_AUTOS = YES_AGGRESSIVE;
				GCC_WARN_UNUSED_FUNCTION = YES;
				GCC_WARN_UNUSED_VARIABLE = YES;
				IPHONEOS_DEPLOYMENT_TARGET = 16.0;
				LOCALIZATION_PREFERS_STRING_CATALOGS = YES;
				MTL_ENABLE_DEBUG_INFO = NO;
				MTL_FAST_MATH = YES;
				SDKROOT = iphoneos;
				SWIFT_COMPILATION_MODE = wholemodule;
				VALIDATE_PRODUCT = YES;
			};
			name = Release;
		};
		49288ABE2D19450D00FF1E50 /* Debug */ = {
			isa = XCBuildConfiguration;
			buildSettings = {
				ASSETCATALOG_COMPILER_APPICON_NAME = AppIcon;
				ASSETCATALOG_COMPILER_GLOBAL_ACCENT_COLOR_NAME = AccentColor;
				CODE_SIGN_ENTITLEMENTS = SmokingAreaOdi/SmokingAreaOdi.entitlements;
				CODE_SIGN_IDENTITY = "Apple Development";
				CODE_SIGN_STYLE = Automatic;
				CURRENT_PROJECT_VERSION = 2;
				DEVELOPMENT_TEAM = Z4QCD3KW2W;
				GENERATE_INFOPLIST_FILE = YES;
				INFOPLIST_FILE = SmokingAreaOdi/Info.plist;
				INFOPLIST_KEY_CFBundleDisplayName = "흡구오디";
				INFOPLIST_KEY_LSApplicationCategoryType = "public.app-category.lifestyle";
				INFOPLIST_KEY_NSCameraUsageDescription = "사진을 촬영하기 위해 카메라 접근 권한이 필요합니다.";
				INFOPLIST_KEY_NSLocationWhenInUseUsageDescription = "현재 위치를 기반으로 근처 흡연구역을 표시하기 위해 위치 접근 권한이 필요합니다.";
				INFOPLIST_KEY_NSPhotoLibraryUsageDescription = "앨범에서 사진을 선택하기 위해 사진 보관함 접근 권한이 필요합니다.";
				INFOPLIST_KEY_UIApplicationSupportsIndirectInputEvents = YES;
				INFOPLIST_KEY_UILaunchStoryboardName = LaunchScreen;
				INFOPLIST_KEY_UIMainStoryboardFile = "";
				INFOPLIST_KEY_UISupportedInterfaceOrientations_iPad = "UIInterfaceOrientationPortrait UIInterfaceOrientationPortraitUpsideDown UIInterfaceOrientationLandscapeLeft UIInterfaceOrientationLandscapeRight";
				INFOPLIST_KEY_UISupportedInterfaceOrientations_iPhone = "UIInterfaceOrientationPortrait UIInterfaceOrientationLandscapeLeft UIInterfaceOrientationLandscapeRight";
				IPHONEOS_DEPLOYMENT_TARGET = 16.0;
				LD_RUNPATH_SEARCH_PATHS = (
					"$(inherited)",
					"@executable_path/Frameworks",
				);
				MARKETING_VERSION = 1.1;
				PRODUCT_BUNDLE_IDENTIFIER = com.G32.SmokingAreaOdi;
				PRODUCT_NAME = "$(TARGET_NAME)";
				PROVISIONING_PROFILE_SPECIFIER = "";
				SUPPORTED_PLATFORMS = "iphoneos iphonesimulator";
				SUPPORTS_MACCATALYST = NO;
				SUPPORTS_MAC_DESIGNED_FOR_IPHONE_IPAD = NO;
				SUPPORTS_XR_DESIGNED_FOR_IPHONE_IPAD = NO;
				SWIFT_EMIT_LOC_STRINGS = YES;
				SWIFT_VERSION = 5.0;
				TARGETED_DEVICE_FAMILY = 1;
			};
			name = Debug;
		};
		49288ABF2D19450D00FF1E50 /* Release */ = {
			isa = XCBuildConfiguration;
			buildSettings = {
				ASSETCATALOG_COMPILER_APPICON_NAME = AppIcon;
				ASSETCATALOG_COMPILER_GLOBAL_ACCENT_COLOR_NAME = AccentColor;
				CODE_SIGN_ENTITLEMENTS = SmokingAreaOdi/SmokingAreaOdi.entitlements;
				CODE_SIGN_IDENTITY = "Apple Development";
				CODE_SIGN_STYLE = Automatic;
				CURRENT_PROJECT_VERSION = 2;
				DEVELOPMENT_TEAM = Z4QCD3KW2W;
				GENERATE_INFOPLIST_FILE = YES;
				INFOPLIST_FILE = SmokingAreaOdi/Info.plist;
				INFOPLIST_KEY_CFBundleDisplayName = "흡구오디";
				INFOPLIST_KEY_LSApplicationCategoryType = "public.app-category.lifestyle";
				INFOPLIST_KEY_NSCameraUsageDescription = "사진을 촬영하기 위해 카메라 접근 권한이 필요합니다.";
				INFOPLIST_KEY_NSLocationWhenInUseUsageDescription = "현재 위치를 기반으로 근처 흡연구역을 표시하기 위해 위치 접근 권한이 필요합니다.";
				INFOPLIST_KEY_NSPhotoLibraryUsageDescription = "앨범에서 사진을 선택하기 위해 사진 보관함 접근 권한이 필요합니다.";
				INFOPLIST_KEY_UIApplicationSupportsIndirectInputEvents = YES;
				INFOPLIST_KEY_UILaunchStoryboardName = LaunchScreen;
				INFOPLIST_KEY_UIMainStoryboardFile = "";
				INFOPLIST_KEY_UISupportedInterfaceOrientations_iPad = "UIInterfaceOrientationPortrait UIInterfaceOrientationPortraitUpsideDown UIInterfaceOrientationLandscapeLeft UIInterfaceOrientationLandscapeRight";
				INFOPLIST_KEY_UISupportedInterfaceOrientations_iPhone = "UIInterfaceOrientationPortrait UIInterfaceOrientationLandscapeLeft UIInterfaceOrientationLandscapeRight";
				IPHONEOS_DEPLOYMENT_TARGET = 16.0;
				LD_RUNPATH_SEARCH_PATHS = (
					"$(inherited)",
					"@executable_path/Frameworks",
				);
				MARKETING_VERSION = 1.1;
				PRODUCT_BUNDLE_IDENTIFIER = com.G32.SmokingAreaOdi;
				PRODUCT_NAME = "$(TARGET_NAME)";
				PROVISIONING_PROFILE_SPECIFIER = "";
				SUPPORTED_PLATFORMS = "iphoneos iphonesimulator";
				SUPPORTS_MACCATALYST = NO;
				SUPPORTS_MAC_DESIGNED_FOR_IPHONE_IPAD = NO;
				SUPPORTS_XR_DESIGNED_FOR_IPHONE_IPAD = NO;
				SWIFT_EMIT_LOC_STRINGS = YES;
				SWIFT_VERSION = 5.0;
				TARGETED_DEVICE_FAMILY = 1;
			};
			name = Release;
		};
/* End XCBuildConfiguration section */

/* Begin XCConfigurationList section */
		49288AA42D19450C00FF1E50 /* Build configuration list for PBXProject "SmokingAreaOdi" */ = {
			isa = XCConfigurationList;
			buildConfigurations = (
				49288ABB2D19450D00FF1E50 /* Debug */,
				49288ABC2D19450D00FF1E50 /* Release */,
			);
			defaultConfigurationIsVisible = 0;
			defaultConfigurationName = Release;
		};
		49288ABD2D19450D00FF1E50 /* Build configuration list for PBXNativeTarget "SmokingAreaOdi" */ = {
			isa = XCConfigurationList;
			buildConfigurations = (
				49288ABE2D19450D00FF1E50 /* Debug */,
				49288ABF2D19450D00FF1E50 /* Release */,
			);
			defaultConfigurationIsVisible = 0;
			defaultConfigurationName = Release;
		};
/* End XCConfigurationList section */

/* Begin XCRemoteSwiftPackageReference section */
		49031E042EAF482B004F5857 /* XCRemoteSwiftPackageReference "RxGesture" */ = {
			isa = XCRemoteSwiftPackageReference;
			repositoryURL = "https://github.com/RxSwiftCommunity/RxGesture.git";
			requirement = {
				kind = upToNextMajorVersion;
				minimumVersion = 4.0.4;
			};
		};
		49031E092EAF4E82004F5857 /* XCRemoteSwiftPackageReference "SDWebImage" */ = {
			isa = XCRemoteSwiftPackageReference;
			repositoryURL = "https://github.com/SDWebImage/SDWebImage.git";
			requirement = {
				kind = upToNextMajorVersion;
				minimumVersion = 5.21.3;
			};
		};
		49168A6E2E448E77002C5F69 /* XCRemoteSwiftPackageReference "firebase-ios-sdk" */ = {
			isa = XCRemoteSwiftPackageReference;
			repositoryURL = "https://github.com/firebase/firebase-ios-sdk.git";
			requirement = {
				kind = upToNextMajorVersion;
				minimumVersion = 12.1.0;
			};
		};
		4969371B2E793BA3008B0FCD /* XCRemoteSwiftPackageReference "kakao-ios-sdk" */ = {
			isa = XCRemoteSwiftPackageReference;
			repositoryURL = "https://github.com/kakao/kakao-ios-sdk";
			requirement = {
				kind = upToNextMajorVersion;
				minimumVersion = 2.24.6;
			};
		};
		49E629632E2F866000751E26 /* XCRemoteSwiftPackageReference "SnapKit" */ = {
			isa = XCRemoteSwiftPackageReference;
			repositoryURL = "https://github.com/SnapKit/SnapKit.git";
			requirement = {
				kind = upToNextMajorVersion;
				minimumVersion = 5.7.1;
			};
		};
		49E629662E2F86C200751E26 /* XCRemoteSwiftPackageReference "FlexLayout" */ = {
			isa = XCRemoteSwiftPackageReference;
			repositoryURL = "https://github.com/layoutBox/FlexLayout.git";
			requirement = {
				kind = upToNextMajorVersion;
				minimumVersion = 2.2.1;
			};
		};
		49E629692E2F86FE00751E26 /* XCRemoteSwiftPackageReference "PinLayout" */ = {
			isa = XCRemoteSwiftPackageReference;
			repositoryURL = "https://github.com/layoutBox/PinLayout.git";
			requirement = {
				kind = upToNextMajorVersion;
				minimumVersion = 1.10.5;
			};
		};
		9F34CED92E98EF5700842643 /* XCRemoteSwiftPackageReference "Kingfisher" */ = {
			isa = XCRemoteSwiftPackageReference;
			repositoryURL = "https://github.com/onevcat/Kingfisher.git";
			requirement = {
				kind = upToNextMajorVersion;
				minimumVersion = 8.6.0;
			};
		};
		9F73EF6A2E44BFD0008E66E5 /* XCRemoteSwiftPackageReference "IQKeyboardManager" */ = {
			isa = XCRemoteSwiftPackageReference;
			repositoryURL = "https://github.com/hackiftekhar/IQKeyboardManager.git";
			requirement = {
				kind = upToNextMajorVersion;
				minimumVersion = 8.0.1;
			};
		};
		9F933E872E484A62001699AA /* XCRemoteSwiftPackageReference "RxSwift" */ = {
			isa = XCRemoteSwiftPackageReference;
			repositoryURL = "https://github.com/ReactiveX/RxSwift.git";
			requirement = {
				kind = upToNextMajorVersion;
				minimumVersion = 6.9.0;
			};
		};
		9F9F77FF2E66EF3B00148859 /* XCRemoteSwiftPackageReference "FloatingPanel" */ = {
			isa = XCRemoteSwiftPackageReference;
			repositoryURL = "https://github.com/scenee/FloatingPanel.git";
			requirement = {
				kind = upToNextMajorVersion;
				minimumVersion = 3.0.1;
			};
		};
		9FA27D2B2E82152100D36B6C /* XCRemoteSwiftPackageReference "GoogleSignIn-iOS" */ = {
			isa = XCRemoteSwiftPackageReference;
			repositoryURL = "https://github.com/google/GoogleSignIn-iOS";
			requirement = {
				kind = upToNextMajorVersion;
				minimumVersion = 9.0.0;
			};
		};
		9FA9DE702E65DB93004D71A7 /* XCRemoteSwiftPackageReference "PanModal" */ = {
			isa = XCRemoteSwiftPackageReference;
			repositoryURL = "https://github.com/slackhq/PanModal.git";
			requirement = {
				kind = upToNextMajorVersion;
				minimumVersion = 1.2.7;
			};
		};
		9FB2BC082E7980A800C3B4F3 /* XCRemoteSwiftPackageReference "kakao-ios-sdk-rx" */ = {
			isa = XCRemoteSwiftPackageReference;
			repositoryURL = "https://github.com/kakao/kakao-ios-sdk-rx";
			requirement = {
				kind = upToNextMajorVersion;
				minimumVersion = 2.24.6;
			};
		};
		9FF116042E9609AB0076A359 /* XCRemoteSwiftPackageReference "ReactorKit" */ = {
			isa = XCRemoteSwiftPackageReference;
			repositoryURL = "https://github.com/ReactorKit/ReactorKit.git";
			requirement = {
				kind = upToNextMajorVersion;
				minimumVersion = 3.2.0;
			};
		};
		A75196EB2E3A42D700CE5F1F /* XCRemoteSwiftPackageReference "Then" */ = {
			isa = XCRemoteSwiftPackageReference;
			repositoryURL = "https://github.com/devxoul/Then.git";
			requirement = {
				kind = upToNextMajorVersion;
				minimumVersion = 3.0.0;
			};
		};
		A77C88C02E252941002D725E /* XCRemoteSwiftPackageReference "SPM-NMapsMap" */ = {
			isa = XCRemoteSwiftPackageReference;
			repositoryURL = "https://github.com/navermaps/SPM-NMapsMap";
			requirement = {
				kind = upToNextMajorVersion;
				minimumVersion = 3.22.0;
			};
		};
/* End XCRemoteSwiftPackageReference section */

/* Begin XCSwiftPackageProductDependency section */
		49031E052EAF482B004F5857 /* RxGesture */ = {
			isa = XCSwiftPackageProductDependency;
			package = 49031E042EAF482B004F5857 /* XCRemoteSwiftPackageReference "RxGesture" */;
			productName = RxGesture;
		};
		49031E0A2EAF4E82004F5857 /* SDWebImage */ = {
			isa = XCSwiftPackageProductDependency;
			package = 49031E092EAF4E82004F5857 /* XCRemoteSwiftPackageReference "SDWebImage" */;
			productName = SDWebImage;
		};
		49031E0C2EAF4E82004F5857 /* SDWebImageMapKit */ = {
			isa = XCSwiftPackageProductDependency;
			package = 49031E092EAF4E82004F5857 /* XCRemoteSwiftPackageReference "SDWebImage" */;
			productName = SDWebImageMapKit;
		};
		49168A6F2E448E77002C5F69 /* FirebaseAuth */ = {
			isa = XCSwiftPackageProductDependency;
			package = 49168A6E2E448E77002C5F69 /* XCRemoteSwiftPackageReference "firebase-ios-sdk" */;
			productName = FirebaseAuth;
		};
		49168A712E448E77002C5F69 /* FirebaseCore */ = {
			isa = XCSwiftPackageProductDependency;
			package = 49168A6E2E448E77002C5F69 /* XCRemoteSwiftPackageReference "firebase-ios-sdk" */;
			productName = FirebaseCore;
		};
		49168A732E448E77002C5F69 /* FirebaseFirestore */ = {
			isa = XCSwiftPackageProductDependency;
			package = 49168A6E2E448E77002C5F69 /* XCRemoteSwiftPackageReference "firebase-ios-sdk" */;
			productName = FirebaseFirestore;
		};
		4969371C2E793BA3008B0FCD /* KakaoSDK */ = {
			isa = XCSwiftPackageProductDependency;
			package = 4969371B2E793BA3008B0FCD /* XCRemoteSwiftPackageReference "kakao-ios-sdk" */;
			productName = KakaoSDK;
		};
		49E629642E2F866000751E26 /* SnapKit */ = {
			isa = XCSwiftPackageProductDependency;
			package = 49E629632E2F866000751E26 /* XCRemoteSwiftPackageReference "SnapKit" */;
			productName = SnapKit;
		};
		49E629672E2F86C200751E26 /* FlexLayout */ = {
			isa = XCSwiftPackageProductDependency;
			package = 49E629662E2F86C200751E26 /* XCRemoteSwiftPackageReference "FlexLayout" */;
			productName = FlexLayout;
		};
		49E6296A2E2F86FE00751E26 /* PinLayout */ = {
			isa = XCSwiftPackageProductDependency;
			package = 49E629692E2F86FE00751E26 /* XCRemoteSwiftPackageReference "PinLayout" */;
			productName = PinLayout;
		};
		9F1932802E75718500F94CB2 /* FirebaseStorage */ = {
			isa = XCSwiftPackageProductDependency;
			productName = FirebaseStorage;
		};
		9F34CEDA2E98EF5700842643 /* Kingfisher */ = {
			isa = XCSwiftPackageProductDependency;
			package = 9F34CED92E98EF5700842643 /* XCRemoteSwiftPackageReference "Kingfisher" */;
			productName = Kingfisher;
		};
		9F73EF6B2E44BFD0008E66E5 /* IQKeyboardManagerSwift */ = {
			isa = XCSwiftPackageProductDependency;
			package = 9F73EF6A2E44BFD0008E66E5 /* XCRemoteSwiftPackageReference "IQKeyboardManager" */;
			productName = IQKeyboardManagerSwift;
		};
		9F933E882E484A62001699AA /* RxCocoa */ = {
			isa = XCSwiftPackageProductDependency;
			package = 9F933E872E484A62001699AA /* XCRemoteSwiftPackageReference "RxSwift" */;
			productName = RxCocoa;
		};
		9F933E8A2E484A62001699AA /* RxRelay */ = {
			isa = XCSwiftPackageProductDependency;
			package = 9F933E872E484A62001699AA /* XCRemoteSwiftPackageReference "RxSwift" */;
			productName = RxRelay;
		};
		9F933E8C2E484A62001699AA /* RxSwift */ = {
			isa = XCSwiftPackageProductDependency;
			package = 9F933E872E484A62001699AA /* XCRemoteSwiftPackageReference "RxSwift" */;
			productName = RxSwift;
		};
		9F9F78002E66EF3B00148859 /* FloatingPanel */ = {
			isa = XCSwiftPackageProductDependency;
			package = 9F9F77FF2E66EF3B00148859 /* XCRemoteSwiftPackageReference "FloatingPanel" */;
			productName = FloatingPanel;
		};
		9FA27D2C2E82152100D36B6C /* GoogleSignIn */ = {
			isa = XCSwiftPackageProductDependency;
			package = 9FA27D2B2E82152100D36B6C /* XCRemoteSwiftPackageReference "GoogleSignIn-iOS" */;
			productName = GoogleSignIn;
		};
		9FA27D2E2E82152100D36B6C /* GoogleSignInSwift */ = {
			isa = XCSwiftPackageProductDependency;
			package = 9FA27D2B2E82152100D36B6C /* XCRemoteSwiftPackageReference "GoogleSignIn-iOS" */;
			productName = GoogleSignInSwift;
		};
		9FA9DE712E65DB93004D71A7 /* PanModal */ = {
			isa = XCSwiftPackageProductDependency;
			package = 9FA9DE702E65DB93004D71A7 /* XCRemoteSwiftPackageReference "PanModal" */;
			productName = PanModal;
		};
		9FB2BC092E7980A800C3B4F3 /* RxKakaoSDK */ = {
			isa = XCSwiftPackageProductDependency;
			package = 9FB2BC082E7980A800C3B4F3 /* XCRemoteSwiftPackageReference "kakao-ios-sdk-rx" */;
			productName = RxKakaoSDK;
		};
		9FDC5EED2E7ACFB900C1335B /* FirebaseFunctions */ = {
			isa = XCSwiftPackageProductDependency;
			package = 49168A6E2E448E77002C5F69 /* XCRemoteSwiftPackageReference "firebase-ios-sdk" */;
			productName = FirebaseFunctions;
		};
		9FF116052E9609AB0076A359 /* ReactorKit */ = {
			isa = XCSwiftPackageProductDependency;
			package = 9FF116042E9609AB0076A359 /* XCRemoteSwiftPackageReference "ReactorKit" */;
			productName = ReactorKit;
		};
		A75196EC2E3A42D700CE5F1F /* Then */ = {
			isa = XCSwiftPackageProductDependency;
			package = A75196EB2E3A42D700CE5F1F /* XCRemoteSwiftPackageReference "Then" */;
			productName = Then;
		};
		A77C88C12E252941002D725E /* NMapsMap */ = {
			isa = XCSwiftPackageProductDependency;
			package = A77C88C02E252941002D725E /* XCRemoteSwiftPackageReference "SPM-NMapsMap" */;
			productName = NMapsMap;
		};
/* End XCSwiftPackageProductDependency section */
	};
	rootObject = 49288AA12D19450C00FF1E50 /* Project object */;
}
