// !$*UTF8*$!
{
	archiveVersion = 1;
	classes = {
	};
	objectVersion = 56;
	objects = {

/* Begin PBXBuildFile section */
		4910C52E2D3F692F006AB7E5 /* Pods_SmokingAreaOdi.framework in Frameworks */ = {isa = PBXBuildFile; fileRef = 9B1FE8882A69C893A52AE7BC /* Pods_SmokingAreaOdi.framework */; };
		4910C5372D408775006AB7E5 /* GoogleService-Info.plist in Resources */ = {isa = PBXBuildFile; fileRef = 4910C5362D408775006AB7E5 /* GoogleService-Info.plist */; };
		4910C53A2D408812006AB7E5 /* FirebaseAnalytics in Frameworks */ = {isa = PBXBuildFile; productRef = 4910C5392D408812006AB7E5 /* FirebaseAnalytics */; };
		4910C53C2D408812006AB7E5 /* FirebaseDatabase in Frameworks */ = {isa = PBXBuildFile; productRef = 4910C53B2D408812006AB7E5 /* FirebaseDatabase */; };
		4910C53E2D408812006AB7E5 /* FirebaseFirestore in Frameworks */ = {isa = PBXBuildFile; productRef = 4910C53D2D408812006AB7E5 /* FirebaseFirestore */; };
		4910C5422D408CEE006AB7E5 /* Firestore.swift in Sources */ = {isa = PBXBuildFile; fileRef = 4910C5412D408CEE006AB7E5 /* Firestore.swift */; };
		4910C5442D408D72006AB7E5 /* SmokingArea.swift in Sources */ = {isa = PBXBuildFile; fileRef = 4910C5432D408D72006AB7E5 /* SmokingArea.swift */; };
		49288AAD2D19450C00FF1E50 /* AppDelegate.swift in Sources */ = {isa = PBXBuildFile; fileRef = 49288AAC2D19450C00FF1E50 /* AppDelegate.swift */; };
		49288AAF2D19450C00FF1E50 /* SceneDelegate.swift in Sources */ = {isa = PBXBuildFile; fileRef = 49288AAE2D19450C00FF1E50 /* SceneDelegate.swift */; };
		49288AB12D19450C00FF1E50 /* ViewController.swift in Sources */ = {isa = PBXBuildFile; fileRef = 49288AB02D19450C00FF1E50 /* ViewController.swift */; };
		49288AB42D19450C00FF1E50 /* Base in Resources */ = {isa = PBXBuildFile; fileRef = 49288AB32D19450C00FF1E50 /* Base */; };
		49288AB62D19450D00FF1E50 /* Assets.xcassets in Resources */ = {isa = PBXBuildFile; fileRef = 49288AB52D19450D00FF1E50 /* Assets.xcassets */; };
		49288AB92D19450D00FF1E50 /* Base in Resources */ = {isa = PBXBuildFile; fileRef = 49288AB82D19450D00FF1E50 /* Base */; };
		4961B4862D38F35500CCDD8C /* ListViewController.swift in Sources */ = {isa = PBXBuildFile; fileRef = 4961B4852D38F35500CCDD8C /* ListViewController.swift */; };
		4961B48B2D3A372A00CCDD8C /* MarkerManager.swift in Sources */ = {isa = PBXBuildFile; fileRef = 4961B48A2D3A372A00CCDD8C /* MarkerManager.swift */; };
		49C806D02D27CE51002367C1 /* SmokingAreaData.swift in Sources */ = {isa = PBXBuildFile; fileRef = 49C806CF2D27CE51002367C1 /* SmokingAreaData.swift */; };
		A70F0E482D3CCE1100E780FC /* AddSmokeAreaViewController.swift in Sources */ = {isa = PBXBuildFile; fileRef = A70F0E472D3CCE1100E780FC /* AddSmokeAreaViewController.swift */; };
		A70F0E492D3CCEEA00E780FC /* Main.storyboard in Resources */ = {isa = PBXBuildFile; fileRef = 49288AB22D19450C00FF1E50 /* Main.storyboard */; };
/* End PBXBuildFile section */

/* Begin PBXFileReference section */
		367736BE6AAECCF421598737 /* Pods-SmokingAreaOdi.debug.xcconfig */ = {isa = PBXFileReference; includeInIndex = 1; lastKnownFileType = text.xcconfig; name = "Pods-SmokingAreaOdi.debug.xcconfig"; path = "Target Support Files/Pods-SmokingAreaOdi/Pods-SmokingAreaOdi.debug.xcconfig"; sourceTree = "<group>"; };
		4910C5362D408775006AB7E5 /* GoogleService-Info.plist */ = {isa = PBXFileReference; fileEncoding = 4; lastKnownFileType = text.plist.xml; name = "GoogleService-Info.plist"; path = "../../../Downloads/GoogleService-Info.plist"; sourceTree = "<group>"; };
		4910C5412D408CEE006AB7E5 /* Firestore.swift */ = {isa = PBXFileReference; lastKnownFileType = sourcecode.swift; path = Firestore.swift; sourceTree = "<group>"; };
		4910C5432D408D72006AB7E5 /* SmokingArea.swift */ = {isa = PBXFileReference; lastKnownFileType = sourcecode.swift; path = SmokingArea.swift; sourceTree = "<group>"; };
		49288AA92D19450C00FF1E50 /* SmokingAreaOdi.app */ = {isa = PBXFileReference; explicitFileType = wrapper.application; includeInIndex = 0; path = SmokingAreaOdi.app; sourceTree = BUILT_PRODUCTS_DIR; };
		49288AAC2D19450C00FF1E50 /* AppDelegate.swift */ = {isa = PBXFileReference; lastKnownFileType = sourcecode.swift; path = AppDelegate.swift; sourceTree = "<group>"; };
		49288AAE2D19450C00FF1E50 /* SceneDelegate.swift */ = {isa = PBXFileReference; lastKnownFileType = sourcecode.swift; path = SceneDelegate.swift; sourceTree = "<group>"; };
		49288AB02D19450C00FF1E50 /* ViewController.swift */ = {isa = PBXFileReference; lastKnownFileType = sourcecode.swift; path = ViewController.swift; sourceTree = "<group>"; };
		49288AB32D19450C00FF1E50 /* Base */ = {isa = PBXFileReference; lastKnownFileType = file.storyboard; name = Base; path = Base.lproj/Main.storyboard; sourceTree = "<group>"; };
		49288AB52D19450D00FF1E50 /* Assets.xcassets */ = {isa = PBXFileReference; lastKnownFileType = folder.assetcatalog; path = Assets.xcassets; sourceTree = "<group>"; };
		49288AB82D19450D00FF1E50 /* Base */ = {isa = PBXFileReference; lastKnownFileType = file.storyboard; name = Base; path = Base.lproj/LaunchScreen.storyboard; sourceTree = "<group>"; };
		49288ABA2D19450D00FF1E50 /* Info.plist */ = {isa = PBXFileReference; lastKnownFileType = text.plist.xml; path = Info.plist; sourceTree = "<group>"; };
		4961B4852D38F35500CCDD8C /* ListViewController.swift */ = {isa = PBXFileReference; lastKnownFileType = sourcecode.swift; path = ListViewController.swift; sourceTree = "<group>"; };
		4961B48A2D3A372A00CCDD8C /* MarkerManager.swift */ = {isa = PBXFileReference; lastKnownFileType = sourcecode.swift; path = MarkerManager.swift; sourceTree = "<group>"; };
		49C806CF2D27CE51002367C1 /* SmokingAreaData.swift */ = {isa = PBXFileReference; lastKnownFileType = sourcecode.swift; path = SmokingAreaData.swift; sourceTree = "<group>"; };
		9B1FE8882A69C893A52AE7BC /* Pods_SmokingAreaOdi.framework */ = {isa = PBXFileReference; explicitFileType = wrapper.framework; includeInIndex = 0; path = Pods_SmokingAreaOdi.framework; sourceTree = BUILT_PRODUCTS_DIR; };
		A70F0E472D3CCE1100E780FC /* AddSmokeAreaViewController.swift */ = {isa = PBXFileReference; lastKnownFileType = sourcecode.swift; path = AddSmokeAreaViewController.swift; sourceTree = "<group>"; };
		D93EE64BF9C68B09854EFEB5 /* Pods-SmokingAreaOdi.release.xcconfig */ = {isa = PBXFileReference; includeInIndex = 1; lastKnownFileType = text.xcconfig; name = "Pods-SmokingAreaOdi.release.xcconfig"; path = "Target Support Files/Pods-SmokingAreaOdi/Pods-SmokingAreaOdi.release.xcconfig"; sourceTree = "<group>"; };
/* End PBXFileReference section */

/* Begin PBXFrameworksBuildPhase section */
		49288AA62D19450C00FF1E50 /* Frameworks */ = {
			isa = PBXFrameworksBuildPhase;
			buildActionMask = 2147483647;
			files = (
				4910C53C2D408812006AB7E5 /* FirebaseDatabase in Frameworks */,
				4910C53E2D408812006AB7E5 /* FirebaseFirestore in Frameworks */,
				4910C53A2D408812006AB7E5 /* FirebaseAnalytics in Frameworks */,
				4910C52E2D3F692F006AB7E5 /* Pods_SmokingAreaOdi.framework in Frameworks */,
			);
			runOnlyForDeploymentPostprocessing = 0;
		};
/* End PBXFrameworksBuildPhase section */

/* Begin PBXGroup section */
		49288AA02D19450C00FF1E50 = {
			isa = PBXGroup;
			children = (
				49288AAB2D19450C00FF1E50 /* SmokingAreaOdi */,
				49288AAA2D19450C00FF1E50 /* Products */,
				B978E0BD119D6BE3785F1B06 /* Pods */,
				8C4801CCC98548A471D9B79F /* Frameworks */,
				4961B4892D3A2DD500CCDD8C /* Recovered References */,
			);
			sourceTree = "<group>";
		};
		49288AAA2D19450C00FF1E50 /* Products */ = {
			isa = PBXGroup;
			children = (
				49288AA92D19450C00FF1E50 /* SmokingAreaOdi.app */,
			);
			name = Products;
			sourceTree = "<group>";
		};
		49288AAB2D19450C00FF1E50 /* SmokingAreaOdi */ = {
			isa = PBXGroup;
			children = (
				49288AAC2D19450C00FF1E50 /* AppDelegate.swift */,
				49288AAE2D19450C00FF1E50 /* SceneDelegate.swift */,
				49288AB02D19450C00FF1E50 /* ViewController.swift */,
				49288AB22D19450C00FF1E50 /* Main.storyboard */,
				49288AB52D19450D00FF1E50 /* Assets.xcassets */,
				49288AB72D19450D00FF1E50 /* LaunchScreen.storyboard */,
				49288ABA2D19450D00FF1E50 /* Info.plist */,
				49C806CF2D27CE51002367C1 /* SmokingAreaData.swift */,
				4961B4852D38F35500CCDD8C /* ListViewController.swift */,
				4961B48A2D3A372A00CCDD8C /* MarkerManager.swift */,
				A70F0E472D3CCE1100E780FC /* AddSmokeAreaViewController.swift */,
				4910C5362D408775006AB7E5 /* GoogleService-Info.plist */,
				4910C5412D408CEE006AB7E5 /* Firestore.swift */,
				4910C5432D408D72006AB7E5 /* SmokingArea.swift */,
			);
			path = SmokingAreaOdi;
			sourceTree = "<group>";
		};
		4961B4892D3A2DD500CCDD8C /* Recovered References */ = {
			isa = PBXGroup;
			children = (
			);
			name = "Recovered References";
			sourceTree = "<group>";
		};
		8C4801CCC98548A471D9B79F /* Frameworks */ = {
			isa = PBXGroup;
			children = (
				9B1FE8882A69C893A52AE7BC /* Pods_SmokingAreaOdi.framework */,
			);
			name = Frameworks;
			sourceTree = "<group>";
		};
		B978E0BD119D6BE3785F1B06 /* Pods */ = {
			isa = PBXGroup;
			children = (
				367736BE6AAECCF421598737 /* Pods-SmokingAreaOdi.debug.xcconfig */,
				D93EE64BF9C68B09854EFEB5 /* Pods-SmokingAreaOdi.release.xcconfig */,
			);
			path = Pods;
			sourceTree = "<group>";
		};
/* End PBXGroup section */

/* Begin PBXNativeTarget section */
		49288AA82D19450C00FF1E50 /* SmokingAreaOdi */ = {
			isa = PBXNativeTarget;
			buildConfigurationList = 49288ABD2D19450D00FF1E50 /* Build configuration list for PBXNativeTarget "SmokingAreaOdi" */;
			buildPhases = (
				7A81F5DCCA502C1D858FF1C1 /* [CP] Check Pods Manifest.lock */,
				49288AA52D19450C00FF1E50 /* Sources */,
				49288AA62D19450C00FF1E50 /* Frameworks */,
				49288AA72D19450C00FF1E50 /* Resources */,
				851A15414B6330B5B68464A9 /* [CP] Embed Pods Frameworks */,
			);
			buildRules = (
			);
			dependencies = (
			);
			name = SmokingAreaOdi;
			packageProductDependencies = (
				4910C5392D408812006AB7E5 /* FirebaseAnalytics */,
				4910C53B2D408812006AB7E5 /* FirebaseDatabase */,
				4910C53D2D408812006AB7E5 /* FirebaseFirestore */,
			);
			productName = SmokeAreaOdi;
			productReference = 49288AA92D19450C00FF1E50 /* SmokingAreaOdi.app */;
			productType = "com.apple.product-type.application";
		};
/* End PBXNativeTarget section */

/* Begin PBXProject section */
		49288AA12D19450C00FF1E50 /* Project object */ = {
			isa = PBXProject;
			attributes = {
				BuildIndependentTargetsInParallel = 1;
				LastSwiftUpdateCheck = 1540;
				LastUpgradeCheck = 1540;
				TargetAttributes = {
					49288AA82D19450C00FF1E50 = {
						CreatedOnToolsVersion = 15.4;
					};
				};
			};
			buildConfigurationList = 49288AA42D19450C00FF1E50 /* Build configuration list for PBXProject "SmokingAreaOdi" */;
			compatibilityVersion = "Xcode 14.0";
			developmentRegion = en;
			hasScannedForEncodings = 0;
			knownRegions = (
				en,
				Base,
			);
			mainGroup = 49288AA02D19450C00FF1E50;
			packageReferences = (
				4910C5382D408812006AB7E5 /* XCRemoteSwiftPackageReference "firebase-ios-sdk" */,
			);
			productRefGroup = 49288AAA2D19450C00FF1E50 /* Products */;
			projectDirPath = "";
			projectRoot = "";
			targets = (
				49288AA82D19450C00FF1E50 /* SmokingAreaOdi */,
			);
		};
/* End PBXProject section */

/* Begin PBXResourcesBuildPhase section */
		49288AA72D19450C00FF1E50 /* Resources */ = {
			isa = PBXResourcesBuildPhase;
			buildActionMask = 2147483647;
			files = (
				49288AB62D19450D00FF1E50 /* Assets.xcassets in Resources */,
				49288AB92D19450D00FF1E50 /* Base in Resources */,
				4910C5372D408775006AB7E5 /* GoogleService-Info.plist in Resources */,
				49288AB42D19450C00FF1E50 /* Base in Resources */,
				A70F0E492D3CCEEA00E780FC /* Main.storyboard in Resources */,
			);
			runOnlyForDeploymentPostprocessing = 0;
		};
/* End PBXResourcesBuildPhase section */

/* Begin PBXShellScriptBuildPhase section */
		7A81F5DCCA502C1D858FF1C1 /* [CP] Check Pods Manifest.lock */ = {
			isa = PBXShellScriptBuildPhase;
			buildActionMask = 2147483647;
			files = (
			);
			inputFileListPaths = (
			);
			inputPaths = (
				"${PODS_PODFILE_DIR_PATH}/Podfile.lock",
				"${PODS_ROOT}/Manifest.lock",
			);
			name = "[CP] Check Pods Manifest.lock";
			outputFileListPaths = (
			);
			outputPaths = (
				"$(DERIVED_FILE_DIR)/Pods-SmokingAreaOdi-checkManifestLockResult.txt",
			);
			runOnlyForDeploymentPostprocessing = 0;
			shellPath = /bin/sh;
			shellScript = "diff \"${PODS_PODFILE_DIR_PATH}/Podfile.lock\" \"${PODS_ROOT}/Manifest.lock\" > /dev/null\nif [ $? != 0 ] ; then\n    # print error to STDERR\n    echo \"error: The sandbox is not in sync with the Podfile.lock. Run 'pod install' or update your CocoaPods installation.\" >&2\n    exit 1\nfi\n# This output is used by Xcode 'outputs' to avoid re-running this script phase.\necho \"SUCCESS\" > \"${SCRIPT_OUTPUT_FILE_0}\"\n";
			showEnvVarsInLog = 0;
		};
		851A15414B6330B5B68464A9 /* [CP] Embed Pods Frameworks */ = {
			isa = PBXShellScriptBuildPhase;
			buildActionMask = 2147483647;
			files = (
			);
			inputFileListPaths = (
				"${PODS_ROOT}/Target Support Files/Pods-SmokingAreaOdi/Pods-SmokingAreaOdi-frameworks-${CONFIGURATION}-input-files.xcfilelist",
			);
			name = "[CP] Embed Pods Frameworks";
			outputFileListPaths = (
				"${PODS_ROOT}/Target Support Files/Pods-SmokingAreaOdi/Pods-SmokingAreaOdi-frameworks-${CONFIGURATION}-output-files.xcfilelist",
			);
			runOnlyForDeploymentPostprocessing = 0;
			shellPath = /bin/sh;
			shellScript = "\"${PODS_ROOT}/Target Support Files/Pods-SmokingAreaOdi/Pods-SmokingAreaOdi-frameworks.sh\"\n";
			showEnvVarsInLog = 0;
		};
/* End PBXShellScriptBuildPhase section */

/* Begin PBXSourcesBuildPhase section */
		49288AA52D19450C00FF1E50 /* Sources */ = {
			isa = PBXSourcesBuildPhase;
			buildActionMask = 2147483647;
			files = (
				49288AB12D19450C00FF1E50 /* ViewController.swift in Sources */,
				4961B48B2D3A372A00CCDD8C /* MarkerManager.swift in Sources */,
				49288AAD2D19450C00FF1E50 /* AppDelegate.swift in Sources */,
				4910C5442D408D72006AB7E5 /* SmokingArea.swift in Sources */,
				49288AAF2D19450C00FF1E50 /* SceneDelegate.swift in Sources */,
				4961B4862D38F35500CCDD8C /* ListViewController.swift in Sources */,
				A70F0E482D3CCE1100E780FC /* AddSmokeAreaViewController.swift in Sources */,
				4910C5422D408CEE006AB7E5 /* Firestore.swift in Sources */,
				49C806D02D27CE51002367C1 /* SmokingAreaData.swift in Sources */,
			);
			runOnlyForDeploymentPostprocessing = 0;
		};
/* End PBXSourcesBuildPhase section */

/* Begin PBXVariantGroup section */
		49288AB22D19450C00FF1E50 /* Main.storyboard */ = {
			isa = PBXVariantGroup;
			children = (
				49288AB32D19450C00FF1E50 /* Base */,
			);
			name = Main.storyboard;
			sourceTree = "<group>";
		};
		49288AB72D19450D00FF1E50 /* LaunchScreen.storyboard */ = {
			isa = PBXVariantGroup;
			children = (
				49288AB82D19450D00FF1E50 /* Base */,
			);
			name = LaunchScreen.storyboard;
			sourceTree = "<group>";
		};
/* End PBXVariantGroup section */

/* Begin XCBuildConfiguration section */
		49288ABB2D19450D00FF1E50 /* Debug */ = {
			isa = XCBuildConfiguration;
			buildSettings = {
				ALWAYS_SEARCH_USER_PATHS = NO;
				ASSETCATALOG_COMPILER_GENERATE_SWIFT_ASSET_SYMBOL_EXTENSIONS = YES;
				CLANG_ANALYZER_NONNULL = YES;
				CLANG_ANALYZER_NUMBER_OBJECT_CONVERSION = YES_AGGRESSIVE;
				CLANG_CXX_LANGUAGE_STANDARD = "gnu++20";
				CLANG_ENABLE_MODULES = YES;
				CLANG_ENABLE_OBJC_ARC = YES;
				CLANG_ENABLE_OBJC_WEAK = YES;
				CLANG_WARN_BLOCK_CAPTURE_AUTORELEASING = YES;
				CLANG_WARN_BOOL_CONVERSION = YES;
				CLANG_WARN_COMMA = YES;
				CLANG_WARN_CONSTANT_CONVERSION = YES;
				CLANG_WARN_DEPRECATED_OBJC_IMPLEMENTATIONS = YES;
				CLANG_WARN_DIRECT_OBJC_ISA_USAGE = YES_ERROR;
				CLANG_WARN_DOCUMENTATION_COMMENTS = YES;
				CLANG_WARN_EMPTY_BODY = YES;
				CLANG_WARN_ENUM_CONVERSION = YES;
				CLANG_WARN_INFINITE_RECURSION = YES;
				CLANG_WARN_INT_CONVERSION = YES;
				CLANG_WARN_NON_LITERAL_NULL_CONVERSION = YES;
				CLANG_WARN_OBJC_IMPLICIT_RETAIN_SELF = YES;
				CLANG_WARN_OBJC_LITERAL_CONVERSION = YES;
				CLANG_WARN_OBJC_ROOT_CLASS = YES_ERROR;
				CLANG_WARN_QUOTED_INCLUDE_IN_FRAMEWORK_HEADER = YES;
				CLANG_WARN_RANGE_LOOP_ANALYSIS = YES;
				CLANG_WARN_STRICT_PROTOTYPES = YES;
				CLANG_WARN_SUSPICIOUS_MOVE = YES;
				CLANG_WARN_UNGUARDED_AVAILABILITY = YES_AGGRESSIVE;
				CLANG_WARN_UNREACHABLE_CODE = YES;
				CLANG_WARN__DUPLICATE_METHOD_MATCH = YES;
				COPY_PHASE_STRIP = NO;
				DEBUG_INFORMATION_FORMAT = dwarf;
				ENABLE_STRICT_OBJC_MSGSEND = YES;
				ENABLE_TESTABILITY = YES;
				ENABLE_USER_SCRIPT_SANDBOXING = NO;
				GCC_C_LANGUAGE_STANDARD = gnu17;
				GCC_DYNAMIC_NO_PIC = NO;
				GCC_NO_COMMON_BLOCKS = YES;
				GCC_OPTIMIZATION_LEVEL = 0;
				GCC_PREPROCESSOR_DEFINITIONS = (
					"DEBUG=1",
					"$(inherited)",
				);
				GCC_WARN_64_TO_32_BIT_CONVERSION = YES;
				GCC_WARN_ABOUT_RETURN_TYPE = YES_ERROR;
				GCC_WARN_UNDECLARED_SELECTOR = YES;
				GCC_WARN_UNINITIALIZED_AUTOS = YES_AGGRESSIVE;
				GCC_WARN_UNUSED_FUNCTION = YES;
				GCC_WARN_UNUSED_VARIABLE = YES;
				IPHONEOS_DEPLOYMENT_TARGET = 17.5;
				LOCALIZATION_PREFERS_STRING_CATALOGS = YES;
				MTL_ENABLE_DEBUG_INFO = INCLUDE_SOURCE;
				MTL_FAST_MATH = YES;
				ONLY_ACTIVE_ARCH = YES;
				SDKROOT = iphoneos;
				SWIFT_ACTIVE_COMPILATION_CONDITIONS = "DEBUG $(inherited)";
				SWIFT_OPTIMIZATION_LEVEL = "-Onone";
			};
			name = Debug;
		};
		49288ABC2D19450D00FF1E50 /* Release */ = {
			isa = XCBuildConfiguration;
			buildSettings = {
				ALWAYS_SEARCH_USER_PATHS = NO;
				ASSETCATALOG_COMPILER_GENERATE_SWIFT_ASSET_SYMBOL_EXTENSIONS = YES;
				CLANG_ANALYZER_NONNULL = YES;
				CLANG_ANALYZER_NUMBER_OBJECT_CONVERSION = YES_AGGRESSIVE;
				CLANG_CXX_LANGUAGE_STANDARD = "gnu++20";
				CLANG_ENABLE_MODULES = YES;
				CLANG_ENABLE_OBJC_ARC = YES;
				CLANG_ENABLE_OBJC_WEAK = YES;
				CLANG_WARN_BLOCK_CAPTURE_AUTORELEASING = YES;
				CLANG_WARN_BOOL_CONVERSION = YES;
				CLANG_WARN_COMMA = YES;
				CLANG_WARN_CONSTANT_CONVERSION = YES;
				CLANG_WARN_DEPRECATED_OBJC_IMPLEMENTATIONS = YES;
				CLANG_WARN_DIRECT_OBJC_ISA_USAGE = YES_ERROR;
				CLANG_WARN_DOCUMENTATION_COMMENTS = YES;
				CLANG_WARN_EMPTY_BODY = YES;
				CLANG_WARN_ENUM_CONVERSION = YES;
				CLANG_WARN_INFINITE_RECURSION = YES;
				CLANG_WARN_INT_CONVERSION = YES;
				CLANG_WARN_NON_LITERAL_NULL_CONVERSION = YES;
				CLANG_WARN_OBJC_IMPLICIT_RETAIN_SELF = YES;
				CLANG_WARN_OBJC_LITERAL_CONVERSION = YES;
				CLANG_WARN_OBJC_ROOT_CLASS = YES_ERROR;
				CLANG_WARN_QUOTED_INCLUDE_IN_FRAMEWORK_HEADER = YES;
				CLANG_WARN_RANGE_LOOP_ANALYSIS = YES;
				CLANG_WARN_STRICT_PROTOTYPES = YES;
				CLANG_WARN_SUSPICIOUS_MOVE = YES;
				CLANG_WARN_UNGUARDED_AVAILABILITY = YES_AGGRESSIVE;
				CLANG_WARN_UNREACHABLE_CODE = YES;
				CLANG_WARN__DUPLICATE_METHOD_MATCH = YES;
				COPY_PHASE_STRIP = NO;
				DEBUG_INFORMATION_FORMAT = "dwarf-with-dsym";
				ENABLE_NS_ASSERTIONS = NO;
				ENABLE_STRICT_OBJC_MSGSEND = YES;
				ENABLE_USER_SCRIPT_SANDBOXING = NO;
				GCC_C_LANGUAGE_STANDARD = gnu17;
				GCC_NO_COMMON_BLOCKS = YES;
				GCC_WARN_64_TO_32_BIT_CONVERSION = YES;
				GCC_WARN_ABOUT_RETURN_TYPE = YES_ERROR;
				GCC_WARN_UNDECLARED_SELECTOR = YES;
				GCC_WARN_UNINITIALIZED_AUTOS = YES_AGGRESSIVE;
				GCC_WARN_UNUSED_FUNCTION = YES;
				GCC_WARN_UNUSED_VARIABLE = YES;
				IPHONEOS_DEPLOYMENT_TARGET = 17.5;
				LOCALIZATION_PREFERS_STRING_CATALOGS = YES;
				MTL_ENABLE_DEBUG_INFO = NO;
				MTL_FAST_MATH = YES;
				SDKROOT = iphoneos;
				SWIFT_COMPILATION_MODE = wholemodule;
				VALIDATE_PRODUCT = YES;
			};
			name = Release;
		};
		49288ABE2D19450D00FF1E50 /* Debug */ = {
			isa = XCBuildConfiguration;
			baseConfigurationReference = 367736BE6AAECCF421598737 /* Pods-SmokingAreaOdi.debug.xcconfig */;
			buildSettings = {
				ASSETCATALOG_COMPILER_APPICON_NAME = AppIcon;
				ASSETCATALOG_COMPILER_GLOBAL_ACCENT_COLOR_NAME = AccentColor;
				CODE_SIGN_STYLE = Automatic;
				CURRENT_PROJECT_VERSION = 1;
				GENERATE_INFOPLIST_FILE = YES;
				INFOPLIST_FILE = SmokingAreaOdi/Info.plist;
				INFOPLIST_KEY_LSApplicationCategoryType = "public.app-category.lifestyle";
				INFOPLIST_KEY_UIApplicationSupportsIndirectInputEvents = YES;
				INFOPLIST_KEY_UILaunchStoryboardName = LaunchScreen;
				INFOPLIST_KEY_UIMainStoryboardFile = Main;
				INFOPLIST_KEY_UISupportedInterfaceOrientations_iPad = "UIInterfaceOrientationPortrait UIInterfaceOrientationPortraitUpsideDown UIInterfaceOrientationLandscapeLeft UIInterfaceOrientationLandscapeRight";
				INFOPLIST_KEY_UISupportedInterfaceOrientations_iPhone = "UIInterfaceOrientationPortrait UIInterfaceOrientationLandscapeLeft UIInterfaceOrientationLandscapeRight";
				IPHONEOS_DEPLOYMENT_TARGET = 16.0;
				LD_RUNPATH_SEARCH_PATHS = (
					"$(inherited)",
					"@executable_path/Frameworks",
				);
				MARKETING_VERSION = 1.0;
				PRODUCT_BUNDLE_IDENTIFIER = G32.SmokingAreaOdi;
				PRODUCT_NAME = "$(TARGET_NAME)";
				SUPPORTED_PLATFORMS = "iphoneos iphonesimulator";
				SUPPORTS_MACCATALYST = NO;
				SUPPORTS_MAC_DESIGNED_FOR_IPHONE_IPAD = NO;
				SUPPORTS_XR_DESIGNED_FOR_IPHONE_IPAD = NO;
				SWIFT_EMIT_LOC_STRINGS = YES;
				SWIFT_VERSION = 5.0;
				TARGETED_DEVICE_FAMILY = 1;
			};
			name = Debug;
		};
		49288ABF2D19450D00FF1E50 /* Release */ = {
			isa = XCBuildConfiguration;
			baseConfigurationReference = D93EE64BF9C68B09854EFEB5 /* Pods-SmokingAreaOdi.release.xcconfig */;
			buildSettings = {
				ASSETCATALOG_COMPILER_APPICON_NAME = AppIcon;
				ASSETCATALOG_COMPILER_GLOBAL_ACCENT_COLOR_NAME = AccentColor;
				CODE_SIGN_STYLE = Automatic;
				CURRENT_PROJECT_VERSION = 1;
				GENERATE_INFOPLIST_FILE = YES;
				INFOPLIST_FILE = SmokingAreaOdi/Info.plist;
				INFOPLIST_KEY_LSApplicationCategoryType = "public.app-category.lifestyle";
				INFOPLIST_KEY_UIApplicationSupportsIndirectInputEvents = YES;
				INFOPLIST_KEY_UILaunchStoryboardName = LaunchScreen;
				INFOPLIST_KEY_UIMainStoryboardFile = Main;
				INFOPLIST_KEY_UISupportedInterfaceOrientations_iPad = "UIInterfaceOrientationPortrait UIInterfaceOrientationPortraitUpsideDown UIInterfaceOrientationLandscapeLeft UIInterfaceOrientationLandscapeRight";
				INFOPLIST_KEY_UISupportedInterfaceOrientations_iPhone = "UIInterfaceOrientationPortrait UIInterfaceOrientationLandscapeLeft UIInterfaceOrientationLandscapeRight";
				IPHONEOS_DEPLOYMENT_TARGET = 16.0;
				LD_RUNPATH_SEARCH_PATHS = (
					"$(inherited)",
					"@executable_path/Frameworks",
				);
				MARKETING_VERSION = 1.0;
				PRODUCT_BUNDLE_IDENTIFIER = G32.SmokingAreaOdi;
				PRODUCT_NAME = "$(TARGET_NAME)";
				SUPPORTED_PLATFORMS = "iphoneos iphonesimulator";
				SUPPORTS_MACCATALYST = NO;
				SUPPORTS_MAC_DESIGNED_FOR_IPHONE_IPAD = NO;
				SUPPORTS_XR_DESIGNED_FOR_IPHONE_IPAD = NO;
				SWIFT_EMIT_LOC_STRINGS = YES;
				SWIFT_VERSION = 5.0;
				TARGETED_DEVICE_FAMILY = 1;
			};
			name = Release;
		};
/* End XCBuildConfiguration section */

/* Begin XCConfigurationList section */
		49288AA42D19450C00FF1E50 /* Build configuration list for PBXProject "SmokingAreaOdi" */ = {
			isa = XCConfigurationList;
			buildConfigurations = (
				49288ABB2D19450D00FF1E50 /* Debug */,
				49288ABC2D19450D00FF1E50 /* Release */,
			);
			defaultConfigurationIsVisible = 0;
			defaultConfigurationName = Release;
		};
		49288ABD2D19450D00FF1E50 /* Build configuration list for PBXNativeTarget "SmokingAreaOdi" */ = {
			isa = XCConfigurationList;
			buildConfigurations = (
				49288ABE2D19450D00FF1E50 /* Debug */,
				49288ABF2D19450D00FF1E50 /* Release */,
			);
			defaultConfigurationIsVisible = 0;
			defaultConfigurationName = Release;
		};
/* End XCConfigurationList section */

/* Begin XCRemoteSwiftPackageReference section */
		4910C5382D408812006AB7E5 /* XCRemoteSwiftPackageReference "firebase-ios-sdk" */ = {
			isa = XCRemoteSwiftPackageReference;
			repositoryURL = "https://github.com/firebase/firebase-ios-sdk";
			requirement = {
				kind = upToNextMajorVersion;
				minimumVersion = 11.7.0;
			};
		};
/* End XCRemoteSwiftPackageReference section */

/* Begin XCSwiftPackageProductDependency section */
		4910C5392D408812006AB7E5 /* FirebaseAnalytics */ = {
			isa = XCSwiftPackageProductDependency;
			package = 4910C5382D408812006AB7E5 /* XCRemoteSwiftPackageReference "firebase-ios-sdk" */;
			productName = FirebaseAnalytics;
		};
		4910C53B2D408812006AB7E5 /* FirebaseDatabase */ = {
			isa = XCSwiftPackageProductDependency;
			package = 4910C5382D408812006AB7E5 /* XCRemoteSwiftPackageReference "firebase-ios-sdk" */;
			productName = FirebaseDatabase;
		};
		4910C53D2D408812006AB7E5 /* FirebaseFirestore */ = {
			isa = XCSwiftPackageProductDependency;
			package = 4910C5382D408812006AB7E5 /* XCRemoteSwiftPackageReference "firebase-ios-sdk" */;
			productName = FirebaseFirestore;
		};
/* End XCSwiftPackageProductDependency section */
	};
	rootObject = 49288AA12D19450C00FF1E50 /* Project object */;
}
